PODS:
  - BVSDK/BVCurations (6.0.1):
    - BVSDK/Core
  - BVSDK/Core (6.0.1)
  - SDWebImage (3.7.6):
    - SDWebImage/Core (= 3.7.6)
  - SDWebImage/Core (3.7.6)

DEPENDENCIES:
  - BVSDK/BVCurations (from `../../../`)
  - SDWebImage

EXTERNAL SOURCES:
  BVSDK:
    :path: "../../../"

SPEC CHECKSUMS:
  BVSDK: 25424bb6ee0e403d5b6ec691f0f89f7db401290b
  SDWebImage: c325cf02c30337336b95beff20a13df489ec0ec9

PODFILE CHECKSUM: 0e2a5addcaf7b532e1957c0c4fd55a1aaa08ebb8

COCOAPODS: 1.1.0
