PODS:
  - BVSDK (4.0.2):
    - BVSDK/Core (= 4.0.2)
  - BVSDK/BVAdvertising (4.0.2):
    - BVSDK/Core
  - BVSDK/BVConversations (4.0.2):
    - BVSDK/Core
  - BVSDK/BVCurations (4.0.2):
    - BVSDK/Core
  - BVSDK/BVRecommendations (4.0.2):
    - BVSDK/Core
  - BVSDK/Core (4.0.2)
  - OHHTTPStubs (5.0.0):
    - OHHTTPStubs/Default (= 5.0.0)
  - OHHTTPStubs/Core (5.0.0)
  - OHHTTPStubs/Default (5.0.0):
    - OHHTTPStubs/Core
    - OHHTTPStubs/JSON
    - OHHTTPStubs/NSURLSession
    - OHHTTPStubs/OHPathHelpers
  - OHHTTPStubs/JSON (5.0.0):
    - OHHTTPStubs/Core
  - OHHTTPStubs/NSURLSession (5.0.0):
    - OHHTTPStubs/Core
  - OHHTTPStubs/OHPathHelpers (5.0.0)

DEPENDENCIES:
  - BVSDK (from `../`)
  - BVSDK/BVAdvertising (from `../`)
  - BVSDK/BVConversations (from `../`)
  - BVSDK/BVCurations (from `../`)
  - BVSDK/BVRecommendations (from `../`)
  - OHHTTPStubs

EXTERNAL SOURCES:
  BVSDK:
    :path: ../

SPEC CHECKSUMS:
  BVSDK: 9b5bc0d7dad08f6846428627546d90f16aae85b7
  OHHTTPStubs: a5d2e9eea07869d42ec03338325f398bc520e159

COCOAPODS: 0.39.0
