PODS:
  - BVSDK/BVAdvertising (4.2.1):
    - BVSDK/Core
  - BVSDK/Core (4.2.1)
  - FontAwesomeKit/Core (2.2.0)
  - FontAwesomeKit/FontAwesome (2.2.0):
    - FontAwesomeKit/Core
  - Google-Mobile-Ads-SDK (7.8.1)
  - MBProgressHUD (0.9.2)

DEPENDENCIES:
  - BVSDK/BVAdvertising (from `../../../`)
  - FontAwesomeKit/FontAwesome
  - Google-Mobile-Ads-SDK
  - MBProgressHUD (~> 0.9.1)

EXTERNAL SOURCES:
  BVSDK:
    :path: ../../../

SPEC CHECKSUMS:
  BVSDK: fb8d0e2ed1646f3a1c14a09f8a00eb553ebc88fb
  FontAwesomeKit: 025fd4dd1017fe4e3f8d47b03e024deedbb33cd4
  Google-Mobile-Ads-SDK: 3c2a6656117989469bfe7645640aa1de024a4c6c
  MBProgressHUD: 1569cf7ace17a8bac47aabfbb8580a49690386d1

PODFILE CHECKSUM: 670d1d40068b717b69c55f45fcaf1d48b939735b

COCOAPODS: 1.0.1
