PODS:
  - BVSDK/BVCurations (6.4.1):
    - BVSDK/Core
  - BVSDK/BVCurationsUI (6.4.1):
    - BVSDK/BVCurations
  - BVSDK/Core (6.4.1)
  - SDWebImage (4.0.0):
    - SDWebImage/Core (= 4.0.0)
  - SDWebImage/Core (4.0.0)

DEPENDENCIES:
  - BVSDK/BVCurations (from `../../../`)
  - BVSDK/BVCurationsUI (from `../../../`)
  - SDWebImage

EXTERNAL SOURCES:
  BVSDK:
    :path: "../../../"

SPEC CHECKSUMS:
  BVSDK: 783400577005a896591cc18044dcc827103efea2
  SDWebImage: 76a6348bdc74eb5a55dd08a091ef298e56b55e41

PODFILE CHECKSUM: 8e045d35f4f0feaf99dc296550172bad4f4d99e3

COCOAPODS: 1.1.0
