PODS:
  - BVSDK/BVCurations (5.1.0):
    - BVSDK/Core
  - BVSDK/Core (5.1.0)
  - SDWebImage (3.8.2):
    - SDWebImage/Core (= 3.8.2)
  - SDWebImage/Core (3.8.2)

DEPENDENCIES:
  - BVSDK/BVCurations (from `../../../`)
  - SDWebImage

EXTERNAL SOURCES:
  BVSDK:
    :path: ../../../

SPEC CHECKSUMS:
  BVSDK: deb3f6dfd6842d57e2f2fe78365feaea5b69acaf
  SDWebImage: 098e97e6176540799c27e804c96653ee0833d13c

PODFILE CHECKSUM: 0e2a5addcaf7b532e1957c0c4fd55a1aaa08ebb8

COCOAPODS: 1.0.1
