// !$*UTF8*$!
{
	archiveVersion = 1;
	classes = {
	};
	objectVersion = 46;
	objects = {

/* Begin PBXBuildFile section */
		4DFA4B461511BC490088A074 /* UIKit.framework in Frameworks */ = {isa = PBXBuildFile; fileRef = 4DFA4B451511BC490088A074 /* UIKit.framework */; };
		4DFA4B481511BC490088A074 /* Foundation.framework in Frameworks */ = {isa = PBXBuildFile; fileRef = 4DFA4B471511BC490088A074 /* Foundation.framework */; };
		4DFA4B4A1511BC490088A074 /* CoreGraphics.framework in Frameworks */ = {isa = PBXBuildFile; fileRef = 4DFA4B491511BC490088A074 /* CoreGraphics.framework */; };
		4DFA4B501511BC490088A074 /* InfoPlist.strings in Resources */ = {isa = PBXBuildFile; fileRef = 4DFA4B4E1511BC490088A074 /* InfoPlist.strings */; };
		4DFA4B521511BC490088A074 /* main.m in Sources */ = {isa = PBXBuildFile; fileRef = 4DFA4B511511BC490088A074 /* main.m */; };
		4DFA4B561511BC490088A074 /* AppDelegate.m in Sources */ = {isa = PBXBuildFile; fileRef = 4DFA4B551511BC490088A074 /* AppDelegate.m */; };
		4DFA4B591511BC490088A074 /* ViewController.m in Sources */ = {isa = PBXBuildFile; fileRef = 4DFA4B581511BC490088A074 /* ViewController.m */; };
		4DFA4B5C1511BC490088A074 /* ViewController.xib in Resources */ = {isa = PBXBuildFile; fileRef = 4DFA4B5A1511BC490088A074 /* ViewController.xib */; };
		BFB94EB3153CCA2800C6ECC7 /* libarclite_universal.a in Frameworks */ = {isa = PBXBuildFile; fileRef = BFB94E91153CCA2700C6ECC7 /* libarclite_universal.a */; };
		BFB94EB4153CCA2800C6ECC7 /* libBViOSSDK.a in Frameworks */ = {isa = PBXBuildFile; fileRef = BFB94E92153CCA2700C6ECC7 /* libBViOSSDK.a */; };
/* End PBXBuildFile section */

/* Begin PBXFileReference section */
		4DFA4B411511BC490088A074 /* iOS4.app */ = {isa = PBXFileReference; explicitFileType = wrapper.application; includeInIndex = 0; path = iOS4.app; sourceTree = BUILT_PRODUCTS_DIR; };
		4DFA4B451511BC490088A074 /* UIKit.framework */ = {isa = PBXFileReference; lastKnownFileType = wrapper.framework; name = UIKit.framework; path = System/Library/Frameworks/UIKit.framework; sourceTree = SDKROOT; };
		4DFA4B471511BC490088A074 /* Foundation.framework */ = {isa = PBXFileReference; lastKnownFileType = wrapper.framework; name = Foundation.framework; path = System/Library/Frameworks/Foundation.framework; sourceTree = SDKROOT; };
		4DFA4B491511BC490088A074 /* CoreGraphics.framework */ = {isa = PBXFileReference; lastKnownFileType = wrapper.framework; name = CoreGraphics.framework; path = System/Library/Frameworks/CoreGraphics.framework; sourceTree = SDKROOT; };
		4DFA4B4D1511BC490088A074 /* iOS4-Info.plist */ = {isa = PBXFileReference; lastKnownFileType = text.plist.xml; path = "iOS4-Info.plist"; sourceTree = "<group>"; };
		4DFA4B4F1511BC490088A074 /* en */ = {isa = PBXFileReference; lastKnownFileType = text.plist.strings; name = en; path = en.lproj/InfoPlist.strings; sourceTree = "<group>"; };
		4DFA4B511511BC490088A074 /* main.m */ = {isa = PBXFileReference; lastKnownFileType = sourcecode.c.objc; path = main.m; sourceTree = "<group>"; };
		4DFA4B531511BC490088A074 /* iOS4-Prefix.pch */ = {isa = PBXFileReference; lastKnownFileType = sourcecode.c.h; path = "iOS4-Prefix.pch"; sourceTree = "<group>"; };
		4DFA4B541511BC490088A074 /* AppDelegate.h */ = {isa = PBXFileReference; lastKnownFileType = sourcecode.c.h; lineEnding = 0; path = AppDelegate.h; sourceTree = "<group>"; xcLanguageSpecificationIdentifier = xcode.lang.objcpp; };
		4DFA4B551511BC490088A074 /* AppDelegate.m */ = {isa = PBXFileReference; lastKnownFileType = sourcecode.c.objc; lineEnding = 0; path = AppDelegate.m; sourceTree = "<group>"; xcLanguageSpecificationIdentifier = xcode.lang.objc; };
		4DFA4B571511BC490088A074 /* ViewController.h */ = {isa = PBXFileReference; lastKnownFileType = sourcecode.c.h; path = ViewController.h; sourceTree = "<group>"; };
		4DFA4B581511BC490088A074 /* ViewController.m */ = {isa = PBXFileReference; lastKnownFileType = sourcecode.c.objc; path = ViewController.m; sourceTree = "<group>"; };
		4DFA4B5B1511BC490088A074 /* en */ = {isa = PBXFileReference; lastKnownFileType = file.xib; name = en; path = en.lproj/ViewController.xib; sourceTree = "<group>"; };
		BFB94E91153CCA2700C6ECC7 /* libarclite_universal.a */ = {isa = PBXFileReference; lastKnownFileType = archive.ar; path = libarclite_universal.a; sourceTree = "<group>"; };
		BFB94E92153CCA2700C6ECC7 /* libBViOSSDK.a */ = {isa = PBXFileReference; lastKnownFileType = archive.ar; path = libBViOSSDK.a; sourceTree = "<group>"; };
		BFB94E96153CCA2700C6ECC7 /* BVBase.h */ = {isa = PBXFileReference; fileEncoding = 4; lastKnownFileType = sourcecode.c.h; path = BVBase.h; sourceTree = "<group>"; };
		BFB94E97153CCA2700C6ECC7 /* BVDisplayAnswer.h */ = {isa = PBXFileReference; fileEncoding = 4; lastKnownFileType = sourcecode.c.h; path = BVDisplayAnswer.h; sourceTree = "<group>"; };
		BFB94E98153CCA2700C6ECC7 /* BVDisplayCategories.h */ = {isa = PBXFileReference; fileEncoding = 4; lastKnownFileType = sourcecode.c.h; path = BVDisplayCategories.h; sourceTree = "<group>"; };
		BFB94E99153CCA2700C6ECC7 /* BVDisplayComment.h */ = {isa = PBXFileReference; fileEncoding = 4; lastKnownFileType = sourcecode.c.h; path = BVDisplayComment.h; sourceTree = "<group>"; };
		BFB94E9A153CCA2700C6ECC7 /* BVDisplayProducts.h */ = {isa = PBXFileReference; fileEncoding = 4; lastKnownFileType = sourcecode.c.h; path = BVDisplayProducts.h; sourceTree = "<group>"; };
		BFB94E9B153CCA2700C6ECC7 /* BVDisplayProfile.h */ = {isa = PBXFileReference; fileEncoding = 4; lastKnownFileType = sourcecode.c.h; path = BVDisplayProfile.h; sourceTree = "<group>"; };
		BFB94E9C153CCA2700C6ECC7 /* BVDisplayQuestion.h */ = {isa = PBXFileReference; fileEncoding = 4; lastKnownFileType = sourcecode.c.h; path = BVDisplayQuestion.h; sourceTree = "<group>"; };
		BFB94E9D153CCA2700C6ECC7 /* BVDisplayReview.h */ = {isa = PBXFileReference; fileEncoding = 4; lastKnownFileType = sourcecode.c.h; path = BVDisplayReview.h; sourceTree = "<group>"; };
		BFB94E9E153CCA2700C6ECC7 /* BVDisplayStories.h */ = {isa = PBXFileReference; fileEncoding = 4; lastKnownFileType = sourcecode.c.h; path = BVDisplayStories.h; sourceTree = "<group>"; };
		BFB94E9F153CCA2700C6ECC7 /* BVIncludes.h */ = {isa = PBXFileReference; fileEncoding = 4; lastKnownFileType = sourcecode.c.h; path = BVIncludes.h; sourceTree = "<group>"; };
		BFB94EA0153CCA2700C6ECC7 /* BVParameters.h */ = {isa = PBXFileReference; fileEncoding = 4; lastKnownFileType = sourcecode.c.h; path = BVParameters.h; sourceTree = "<group>"; };
		BFB94EA1153CCA2700C6ECC7 /* BVResponse.h */ = {isa = PBXFileReference; fileEncoding = 4; lastKnownFileType = sourcecode.c.h; path = BVResponse.h; sourceTree = "<group>"; };
		BFB94EA2153CCA2700C6ECC7 /* BVSettings.h */ = {isa = PBXFileReference; fileEncoding = 4; lastKnownFileType = sourcecode.c.h; path = BVSettings.h; sourceTree = "<group>"; };
		BFB94EA3153CCA2700C6ECC7 /* BVSubmission.h */ = {isa = PBXFileReference; fileEncoding = 4; lastKnownFileType = sourcecode.c.h; path = BVSubmission.h; sourceTree = "<group>"; };
		BFB94EA4153CCA2700C6ECC7 /* BVSubmissionAnswer.h */ = {isa = PBXFileReference; fileEncoding = 4; lastKnownFileType = sourcecode.c.h; path = BVSubmissionAnswer.h; sourceTree = "<group>"; };
		BFB94EA5153CCA2700C6ECC7 /* BVSubmissionParametersAnswer.h */ = {isa = PBXFileReference; fileEncoding = 4; lastKnownFileType = sourcecode.c.h; path = BVSubmissionParametersAnswer.h; sourceTree = "<group>"; };
		BFB94EA6153CCA2700C6ECC7 /* BVSubmissionParametersBase.h */ = {isa = PBXFileReference; fileEncoding = 4; lastKnownFileType = sourcecode.c.h; path = BVSubmissionParametersBase.h; sourceTree = "<group>"; };
		BFB94EA7153CCA2700C6ECC7 /* BVSubmissionParametersComment.h */ = {isa = PBXFileReference; fileEncoding = 4; lastKnownFileType = sourcecode.c.h; path = BVSubmissionParametersComment.h; sourceTree = "<group>"; };
		BFB94EA8153CCA2700C6ECC7 /* BVSubmissionParametersPhoto.h */ = {isa = PBXFileReference; fileEncoding = 4; lastKnownFileType = sourcecode.c.h; path = BVSubmissionParametersPhoto.h; sourceTree = "<group>"; };
		BFB94EA9153CCA2700C6ECC7 /* BVSubmissionParametersQuestion.h */ = {isa = PBXFileReference; fileEncoding = 4; lastKnownFileType = sourcecode.c.h; path = BVSubmissionParametersQuestion.h; sourceTree = "<group>"; };
		BFB94EAA153CCA2700C6ECC7 /* BVSubmissionParametersReview.h */ = {isa = PBXFileReference; fileEncoding = 4; lastKnownFileType = sourcecode.c.h; path = BVSubmissionParametersReview.h; sourceTree = "<group>"; };
		BFB94EAB153CCA2700C6ECC7 /* BVSubmissionParametersStory.h */ = {isa = PBXFileReference; fileEncoding = 4; lastKnownFileType = sourcecode.c.h; path = BVSubmissionParametersStory.h; sourceTree = "<group>"; };
		BFB94EAC153CCA2700C6ECC7 /* BVSubmissionParametersVideo.h */ = {isa = PBXFileReference; fileEncoding = 4; lastKnownFileType = sourcecode.c.h; path = BVSubmissionParametersVideo.h; sourceTree = "<group>"; };
		BFB94EAD153CCA2700C6ECC7 /* BVSubmissionPhoto.h */ = {isa = PBXFileReference; fileEncoding = 4; lastKnownFileType = sourcecode.c.h; path = BVSubmissionPhoto.h; sourceTree = "<group>"; };
		BFB94EAE153CCA2700C6ECC7 /* BVSubmissionQuestion.h */ = {isa = PBXFileReference; fileEncoding = 4; lastKnownFileType = sourcecode.c.h; path = BVSubmissionQuestion.h; sourceTree = "<group>"; };
		BFB94EAF153CCA2700C6ECC7 /* BVSubmissionReview.h */ = {isa = PBXFileReference; fileEncoding = 4; lastKnownFileType = sourcecode.c.h; path = BVSubmissionReview.h; sourceTree = "<group>"; };
		BFB94EB0153CCA2700C6ECC7 /* BVSubmissionReviewComment.h */ = {isa = PBXFileReference; fileEncoding = 4; lastKnownFileType = sourcecode.c.h; path = BVSubmissionReviewComment.h; sourceTree = "<group>"; };
		BFB94EB1153CCA2700C6ECC7 /* BVSubmissionStory.h */ = {isa = PBXFileReference; fileEncoding = 4; lastKnownFileType = sourcecode.c.h; path = BVSubmissionStory.h; sourceTree = "<group>"; };
		BFB94EB2153CCA2700C6ECC7 /* BVSubmissionVideo.h */ = {isa = PBXFileReference; fileEncoding = 4; lastKnownFileType = sourcecode.c.h; path = BVSubmissionVideo.h; sourceTree = "<group>"; };
/* End PBXFileReference section */

/* Begin PBXFrameworksBuildPhase section */
		4DFA4B3E1511BC490088A074 /* Frameworks */ = {
			isa = PBXFrameworksBuildPhase;
			buildActionMask = 2147483647;
			files = (
				4DFA4B461511BC490088A074 /* UIKit.framework in Frameworks */,
				4DFA4B481511BC490088A074 /* Foundation.framework in Frameworks */,
				4DFA4B4A1511BC490088A074 /* CoreGraphics.framework in Frameworks */,
				BFB94EB3153CCA2800C6ECC7 /* libarclite_universal.a in Frameworks */,
				BFB94EB4153CCA2800C6ECC7 /* libBViOSSDK.a in Frameworks */,
			);
			runOnlyForDeploymentPostprocessing = 0;
		};
/* End PBXFrameworksBuildPhase section */

/* Begin PBXGroup section */
		4DFA4B361511BC480088A074 = {
			isa = PBXGroup;
			children = (
				BFB94E90153CCA2700C6ECC7 /* bv-ios-static-library */,
				4DFA4B4B1511BC490088A074 /* iOS4 */,
				4DFA4B441511BC490088A074 /* Frameworks */,
				4DFA4B421511BC490088A074 /* Products */,
			);
			sourceTree = "<group>";
		};
		4DFA4B421511BC490088A074 /* Products */ = {
			isa = PBXGroup;
			children = (
				4DFA4B411511BC490088A074 /* iOS4.app */,
			);
			name = Products;
			sourceTree = "<group>";
		};
		4DFA4B441511BC490088A074 /* Frameworks */ = {
			isa = PBXGroup;
			children = (
				4DFA4B451511BC490088A074 /* UIKit.framework */,
				4DFA4B471511BC490088A074 /* Foundation.framework */,
				4DFA4B491511BC490088A074 /* CoreGraphics.framework */,
			);
			name = Frameworks;
			sourceTree = "<group>";
		};
		4DFA4B4B1511BC490088A074 /* iOS4 */ = {
			isa = PBXGroup;
			children = (
				4DFA4B541511BC490088A074 /* AppDelegate.h */,
				4DFA4B551511BC490088A074 /* AppDelegate.m */,
				4DFA4B571511BC490088A074 /* ViewController.h */,
				4DFA4B581511BC490088A074 /* ViewController.m */,
				4DFA4B5A1511BC490088A074 /* ViewController.xib */,
				4DFA4B4C1511BC490088A074 /* Supporting Files */,
			);
			path = iOS4;
			sourceTree = "<group>";
		};
		4DFA4B4C1511BC490088A074 /* Supporting Files */ = {
			isa = PBXGroup;
			children = (
				4DFA4B4D1511BC490088A074 /* iOS4-Info.plist */,
				4DFA4B4E1511BC490088A074 /* InfoPlist.strings */,
				4DFA4B511511BC490088A074 /* main.m */,
				4DFA4B531511BC490088A074 /* iOS4-Prefix.pch */,
			);
			name = "Supporting Files";
			sourceTree = "<group>";
		};
		BFB94E90153CCA2700C6ECC7 /* bv-ios-static-library */ = {
			isa = PBXGroup;
			children = (
				BFB94E91153CCA2700C6ECC7 /* libarclite_universal.a */,
				BFB94E92153CCA2700C6ECC7 /* libBViOSSDK.a */,
				BFB94E93153CCA2700C6ECC7 /* usr */,
			);
			path = "bv-ios-static-library";
			sourceTree = "<group>";
		};
		BFB94E93153CCA2700C6ECC7 /* usr */ = {
			isa = PBXGroup;
			children = (
				BFB94E94153CCA2700C6ECC7 /* local */,
			);
			path = usr;
			sourceTree = "<group>";
		};
		BFB94E94153CCA2700C6ECC7 /* local */ = {
			isa = PBXGroup;
			children = (
				BFB94E95153CCA2700C6ECC7 /* include */,
			);
			path = local;
			sourceTree = "<group>";
		};
		BFB94E95153CCA2700C6ECC7 /* include */ = {
			isa = PBXGroup;
			children = (
				BFB94E96153CCA2700C6ECC7 /* BVBase.h */,
				BFB94E97153CCA2700C6ECC7 /* BVDisplayAnswer.h */,
				BFB94E98153CCA2700C6ECC7 /* BVDisplayCategories.h */,
				BFB94E99153CCA2700C6ECC7 /* BVDisplayComment.h */,
				BFB94E9A153CCA2700C6ECC7 /* BVDisplayProducts.h */,
				BFB94E9B153CCA2700C6ECC7 /* BVDisplayProfile.h */,
				BFB94E9C153CCA2700C6ECC7 /* BVDisplayQuestion.h */,
				BFB94E9D153CCA2700C6ECC7 /* BVDisplayReview.h */,
				BFB94E9E153CCA2700C6ECC7 /* BVDisplayStories.h */,
				BFB94E9F153CCA2700C6ECC7 /* BVIncludes.h */,
				BFB94EA0153CCA2700C6ECC7 /* BVParameters.h */,
				BFB94EA1153CCA2700C6ECC7 /* BVResponse.h */,
				BFB94EA2153CCA2700C6ECC7 /* BVSettings.h */,
				BFB94EA3153CCA2700C6ECC7 /* BVSubmission.h */,
				BFB94EA4153CCA2700C6ECC7 /* BVSubmissionAnswer.h */,
				BFB94EA5153CCA2700C6ECC7 /* BVSubmissionParametersAnswer.h */,
				BFB94EA6153CCA2700C6ECC7 /* BVSubmissionParametersBase.h */,
				BFB94EA7153CCA2700C6ECC7 /* BVSubmissionParametersComment.h */,
				BFB94EA8153CCA2700C6ECC7 /* BVSubmissionParametersPhoto.h */,
				BFB94EA9153CCA2700C6ECC7 /* BVSubmissionParametersQuestion.h */,
				BFB94EAA153CCA2700C6ECC7 /* BVSubmissionParametersReview.h */,
				BFB94EAB153CCA2700C6ECC7 /* BVSubmissionParametersStory.h */,
				BFB94EAC153CCA2700C6ECC7 /* BVSubmissionParametersVideo.h */,
				BFB94EAD153CCA2700C6ECC7 /* BVSubmissionPhoto.h */,
				BFB94EAE153CCA2700C6ECC7 /* BVSubmissionQuestion.h */,
				BFB94EAF153CCA2700C6ECC7 /* BVSubmissionReview.h */,
				BFB94EB0153CCA2700C6ECC7 /* BVSubmissionReviewComment.h */,
				BFB94EB1153CCA2700C6ECC7 /* BVSubmissionStory.h */,
				BFB94EB2153CCA2700C6ECC7 /* BVSubmissionVideo.h */,
			);
			path = include;
			sourceTree = "<group>";
		};
/* End PBXGroup section */

/* Begin PBXNativeTarget section */
		4DFA4B401511BC490088A074 /* iOS4 */ = {
			isa = PBXNativeTarget;
			buildConfigurationList = 4DFA4B5F1511BC490088A074 /* Build configuration list for PBXNativeTarget "iOS4" */;
			buildPhases = (
				4DFA4B3D1511BC490088A074 /* Sources */,
				4DFA4B3E1511BC490088A074 /* Frameworks */,
				4DFA4B3F1511BC490088A074 /* Resources */,
			);
			buildRules = (
			);
			dependencies = (
			);
			name = iOS4;
			productName = iOS4;
			productReference = 4DFA4B411511BC490088A074 /* iOS4.app */;
			productType = "com.apple.product-type.application";
		};
/* End PBXNativeTarget section */

/* Begin PBXProject section */
		4DFA4B381511BC480088A074 /* Project object */ = {
			isa = PBXProject;
			attributes = {
				LastUpgradeCheck = 0430;
			};
			buildConfigurationList = 4DFA4B3B1511BC480088A074 /* Build configuration list for PBXProject "iOS4" */;
			compatibilityVersion = "Xcode 3.2";
			developmentRegion = English;
			hasScannedForEncodings = 0;
			knownRegions = (
				en,
			);
			mainGroup = 4DFA4B361511BC480088A074;
			productRefGroup = 4DFA4B421511BC490088A074 /* Products */;
			projectDirPath = "";
			projectRoot = "";
			targets = (
				4DFA4B401511BC490088A074 /* iOS4 */,
			);
		};
/* End PBXProject section */

/* Begin PBXResourcesBuildPhase section */
		4DFA4B3F1511BC490088A074 /* Resources */ = {
			isa = PBXResourcesBuildPhase;
			buildActionMask = 2147483647;
			files = (
				4DFA4B501511BC490088A074 /* InfoPlist.strings in Resources */,
				4DFA4B5C1511BC490088A074 /* ViewController.xib in Resources */,
			);
			runOnlyForDeploymentPostprocessing = 0;
		};
/* End PBXResourcesBuildPhase section */

/* Begin PBXSourcesBuildPhase section */
		4DFA4B3D1511BC490088A074 /* Sources */ = {
			isa = PBXSourcesBuildPhase;
			buildActionMask = 2147483647;
			files = (
				4DFA4B521511BC490088A074 /* main.m in Sources */,
				4DFA4B561511BC490088A074 /* AppDelegate.m in Sources */,
				4DFA4B591511BC490088A074 /* ViewController.m in Sources */,
			);
			runOnlyForDeploymentPostprocessing = 0;
		};
/* End PBXSourcesBuildPhase section */

/* Begin PBXVariantGroup section */
		4DFA4B4E1511BC490088A074 /* InfoPlist.strings */ = {
			isa = PBXVariantGroup;
			children = (
				4DFA4B4F1511BC490088A074 /* en */,
			);
			name = InfoPlist.strings;
			sourceTree = "<group>";
		};
		4DFA4B5A1511BC490088A074 /* ViewController.xib */ = {
			isa = PBXVariantGroup;
			children = (
				4DFA4B5B1511BC490088A074 /* en */,
			);
			name = ViewController.xib;
			sourceTree = "<group>";
		};
/* End PBXVariantGroup section */

/* Begin XCBuildConfiguration section */
		4DFA4B5D1511BC490088A074 /* Debug */ = {
			isa = XCBuildConfiguration;
			buildSettings = {
				ALWAYS_SEARCH_USER_PATHS = NO;
				ARCHS = "$(ARCHS_STANDARD_32_BIT)";
				"CODE_SIGN_IDENTITY[sdk=iphoneos*]" = "iPhone Developer";
				COPY_PHASE_STRIP = NO;
				GCC_C_LANGUAGE_STANDARD = gnu99;
				GCC_DYNAMIC_NO_PIC = NO;
				GCC_OPTIMIZATION_LEVEL = 0;
				GCC_PREPROCESSOR_DEFINITIONS = (
					"DEBUG=1",
					"$(inherited)",
				);
				GCC_SYMBOLS_PRIVATE_EXTERN = NO;
				GCC_VERSION = com.apple.compilers.llvm.clang.1_0;
				GCC_WARN_ABOUT_RETURN_TYPE = YES;
				GCC_WARN_UNINITIALIZED_AUTOS = YES;
				GCC_WARN_UNUSED_VARIABLE = YES;
				IPHONEOS_DEPLOYMENT_TARGET = 4.0;
				SDKROOT = iphoneos;
			};
			name = Debug;
		};
		4DFA4B5E1511BC490088A074 /* Release */ = {
			isa = XCBuildConfiguration;
			buildSettings = {
				ALWAYS_SEARCH_USER_PATHS = NO;
				ARCHS = "$(ARCHS_STANDARD_32_BIT)";
				"CODE_SIGN_IDENTITY[sdk=iphoneos*]" = "iPhone Developer";
				COPY_PHASE_STRIP = YES;
				GCC_C_LANGUAGE_STANDARD = gnu99;
				GCC_VERSION = com.apple.compilers.llvm.clang.1_0;
				GCC_WARN_ABOUT_RETURN_TYPE = YES;
				GCC_WARN_UNINITIALIZED_AUTOS = YES;
				GCC_WARN_UNUSED_VARIABLE = YES;
				IPHONEOS_DEPLOYMENT_TARGET = 4.0;
				OTHER_CFLAGS = "-DNS_BLOCK_ASSERTIONS=1";
				SDKROOT = iphoneos;
				VALIDATE_PRODUCT = YES;
			};
			name = Release;
		};
		4DFA4B601511BC490088A074 /* Debug */ = {
			isa = XCBuildConfiguration;
			buildSettings = {
				GCC_PRECOMPILE_PREFIX_HEADER = YES;
				GCC_PREFIX_HEADER = "iOS4/iOS4-Prefix.pch";
				INFOPLIST_FILE = "iOS4/iOS4-Info.plist";
				IPHONEOS_DEPLOYMENT_TARGET = 4.0;
				LIBRARY_SEARCH_PATHS = (
					"$(inherited)",
					"\"$(SRCROOT)\"",
					"\"$(SRCROOT)/bv-ios-static-library\"",
				);
				OTHER_LDFLAGS = "-ObjC";
				PRODUCT_NAME = "$(TARGET_NAME)";
				USER_HEADER_SEARCH_PATHS = "$(inherited) \"$(SRCROOT)\" \"$(SRCROOT)/bv-ios-static-library\"";
				WRAPPER_EXTENSION = app;
			};
			name = Debug;
		};
		4DFA4B611511BC490088A074 /* Release */ = {
			isa = XCBuildConfiguration;
			buildSettings = {
				GCC_PRECOMPILE_PREFIX_HEADER = YES;
				GCC_PREFIX_HEADER = "iOS4/iOS4-Prefix.pch";
				INFOPLIST_FILE = "iOS4/iOS4-Info.plist";
				IPHONEOS_DEPLOYMENT_TARGET = 4.0;
				LIBRARY_SEARCH_PATHS = (
					"$(inherited)",
					"\"$(SRCROOT)\"",
					"\"$(SRCROOT)/bv-ios-static-library\"",
				);
				OTHER_LDFLAGS = "-ObjC";
				PRODUCT_NAME = "$(TARGET_NAME)";
				USER_HEADER_SEARCH_PATHS = "$(inherited) \"$(SRCROOT)\" \"$(SRCROOT)/bv-ios-static-library\"";
				WRAPPER_EXTENSION = app;
			};
			name = Release;
		};
/* End XCBuildConfiguration section */

/* Begin XCConfigurationList section */
		4DFA4B3B1511BC480088A074 /* Build configuration list for PBXProject "iOS4" */ = {
			isa = XCConfigurationList;
			buildConfigurations = (
				4DFA4B5D1511BC490088A074 /* Debug */,
				4DFA4B5E1511BC490088A074 /* Release */,
			);
			defaultConfigurationIsVisible = 0;
			defaultConfigurationName = Release;
		};
		4DFA4B5F1511BC490088A074 /* Build configuration list for PBXNativeTarget "iOS4" */ = {
			isa = XCConfigurationList;
			buildConfigurations = (
				4DFA4B601511BC490088A074 /* Debug */,
				4DFA4B611511BC490088A074 /* Release */,
			);
			defaultConfigurationIsVisible = 0;
			defaultConfigurationName = Release;
		};
/* End XCConfigurationList section */
	};
	rootObject = 4DFA4B381511BC480088A074 /* Project object */;
}
