PODS:
  - BVSDK (2.2.9)
  - SDWebImage (3.7.3):
    - SDWebImage/Core (= 3.7.3)
  - SDWebImage/Core (3.7.3)

DEPENDENCIES:
  - BVSDK (from `../../`)
  - SDWebImage

EXTERNAL SOURCES:
  BVSDK:
    :path: ../../

SPEC CHECKSUMS:
  BVSDK: 39eb8b8cb864b677470c24b19361a0a702e367d9
  SDWebImage: 1d2b1a1efda1ade1b00b6f8498865f8ddedc8a84

COCOAPODS: 0.38.2
