// !$*UTF8*$!
{
	archiveVersion = 1;
	classes = {
	};
	objectVersion = 46;
	objects = {

/* Begin PBXBuildFile section */
		6F015E30154AFAB300BE3E49 /* UIPlaceHolderTextView.m in Sources */ = {isa = PBXBuildFile; fileRef = 6F015E2F154AFAB300BE3E49 /* UIPlaceHolderTextView.m */; };
		6F015E37154B029000BE3E49 /* ConfirmViewController.m in Sources */ = {isa = PBXBuildFile; fileRef = 6F015E36154B029000BE3E49 /* ConfirmViewController.m */; };
		6F01FE1D1625E2CC007DE393 /* Default-568h@2x.png in Resources */ = {isa = PBXBuildFile; fileRef = 6F01FE1C1625E2CC007DE393 /* Default-568h@2x.png */; };
		6F01FE2C162606C1007DE393 /* app-background-586.png in Resources */ = {isa = PBXBuildFile; fileRef = 6F01FE2B162606C1007DE393 /* app-background-586.png */; };
		6F334A5D154B08FB00345C16 /* NSDictionary+Utils.m in Sources */ = {isa = PBXBuildFile; fileRef = 6F334A5C154B08FB00345C16 /* NSDictionary+Utils.m */; };
		6F334A61154B11CD00345C16 /* BVNavigationItem.m in Sources */ = {isa = PBXBuildFile; fileRef = 6F334A60154B11CC00345C16 /* BVNavigationItem.m */; };
		6F334A63154B15C400345C16 /* bv.png in Resources */ = {isa = PBXBuildFile; fileRef = 6F334A62154B15C400345C16 /* bv.png */; };
		6F334A6D154B18E100345C16 /* Default@2x.png in Resources */ = {isa = PBXBuildFile; fileRef = 6F334A69154B18E100345C16 /* Default@2x.png */; };
		6F334A6E154B18E100345C16 /* Default.png in Resources */ = {isa = PBXBuildFile; fileRef = 6F334A6A154B18E100345C16 /* Default.png */; };
		6F3618761559A430007B31DC /* libBViOSSDK.a in Frameworks */ = {isa = PBXBuildFile; fileRef = 6F3618541559A430007B31DC /* libBViOSSDK.a */; };
		6F3618791559AE77007B31DC /* BVColor.m in Sources */ = {isa = PBXBuildFile; fileRef = 6F3618781559AE77007B31DC /* BVColor.m */; };
		6F36187C1559C03B007B31DC /* RoundedCornerView.m in Sources */ = {isa = PBXBuildFile; fileRef = 6F36187B1559C03B007B31DC /* RoundedCornerView.m */; };
		6F4B99A4153F4EB90040AF27 /* UIKit.framework in Frameworks */ = {isa = PBXBuildFile; fileRef = 6F4B99A3153F4EB90040AF27 /* UIKit.framework */; };
		6F4B99A6153F4EB90040AF27 /* Foundation.framework in Frameworks */ = {isa = PBXBuildFile; fileRef = 6F4B99A5153F4EB90040AF27 /* Foundation.framework */; };
		6F4B99A8153F4EB90040AF27 /* CoreGraphics.framework in Frameworks */ = {isa = PBXBuildFile; fileRef = 6F4B99A7153F4EB90040AF27 /* CoreGraphics.framework */; };
		6F4B99AE153F4EB90040AF27 /* InfoPlist.strings in Resources */ = {isa = PBXBuildFile; fileRef = 6F4B99AC153F4EB90040AF27 /* InfoPlist.strings */; };
		6F4B99B0153F4EB90040AF27 /* main.m in Sources */ = {isa = PBXBuildFile; fileRef = 6F4B99AF153F4EB90040AF27 /* main.m */; };
		6F4B99B4153F4EB90040AF27 /* AppDelegate.m in Sources */ = {isa = PBXBuildFile; fileRef = 6F4B99B3153F4EB90040AF27 /* AppDelegate.m */; };
		6F4B99B7153F4EB90040AF27 /* MainStoryboard.storyboard in Resources */ = {isa = PBXBuildFile; fileRef = 6F4B99B5153F4EB90040AF27 /* MainStoryboard.storyboard */; };
		6F4B99BA153F4EB90040AF27 /* ProductViewController.m in Sources */ = {isa = PBXBuildFile; fileRef = 6F4B99B9153F4EB90040AF27 /* ProductViewController.m */; };
		6F4CC68A1540BE2800F16AE0 /* exifrotated.jpg in Resources */ = {isa = PBXBuildFile; fileRef = 6F4CC6891540BE2800F16AE0 /* exifrotated.jpg */; };
		6F935A601547054A00B9FC85 /* dryer.png in Resources */ = {isa = PBXBuildFile; fileRef = 6F935A5F1547054A00B9FC85 /* dryer.png */; };
		6FB91CA7153F66E5009CB845 /* MobileCoreServices.framework in Frameworks */ = {isa = PBXBuildFile; fileRef = 6FB91CA6153F66E5009CB845 /* MobileCoreServices.framework */; };
		6FD71FBE154747BC00161834 /* RateView.m in Sources */ = {isa = PBXBuildFile; fileRef = 6FD71FBD154747BC00161834 /* RateView.m */; };
		6FD71FC11548476B00161834 /* RateViewController.m in Sources */ = {isa = PBXBuildFile; fileRef = 6FD71FC01548476B00161834 /* RateViewController.m */; };
		6FDB996A1561624400A9E392 /* app-background.png in Resources */ = {isa = PBXBuildFile; fileRef = 6FDB99691561624400A9E392 /* app-background.png */; };
		6FDB996D15618A5A00A9E392 /* graphic-star.png in Resources */ = {isa = PBXBuildFile; fileRef = 6FDB996C15618A5A00A9E392 /* graphic-star.png */; };
		6FDB99751561929E00A9E392 /* ReviewCell.m in Sources */ = {isa = PBXBuildFile; fileRef = 6FDB99741561929E00A9E392 /* ReviewCell.m */; };
		6FE46259154072D800AECFCD /* UIImage+Alpha.m in Sources */ = {isa = PBXBuildFile; fileRef = 6FE46254154072D800AECFCD /* UIImage+Alpha.m */; };
		6FE4625A154072D800AECFCD /* UIImage+Resize.m in Sources */ = {isa = PBXBuildFile; fileRef = 6FE46256154072D800AECFCD /* UIImage+Resize.m */; };
		6FE4625B154072D800AECFCD /* UIImage+RoundedCorner.m in Sources */ = {isa = PBXBuildFile; fileRef = 6FE46258154072D800AECFCD /* UIImage+RoundedCorner.m */; };
		6FE462671540A12700AECFCD /* empty_star.png in Resources */ = {isa = PBXBuildFile; fileRef = 6FE462641540A12700AECFCD /* empty_star.png */; };
		6FE462681540A12700AECFCD /* full_star.png in Resources */ = {isa = PBXBuildFile; fileRef = 6FE462651540A12700AECFCD /* full_star.png */; };
		BFDB5C9D154EE1D1001E80BF /* appicon.png in Resources */ = {isa = PBXBuildFile; fileRef = BFDB5C9C154EE1D1001E80BF /* appicon.png */; };
		BFDB5C9F154EE1D6001E80BF /* appicon@2x.png in Resources */ = {isa = PBXBuildFile; fileRef = BFDB5C9E154EE1D6001E80BF /* appicon@2x.png */; };
/* End PBXBuildFile section */

/* Begin PBXFileReference section */
		6F015E2E154AFAB300BE3E49 /* UIPlaceHolderTextView.h */ = {isa = PBXFileReference; fileEncoding = 4; lastKnownFileType = sourcecode.c.h; path = UIPlaceHolderTextView.h; sourceTree = "<group>"; };
		6F015E2F154AFAB300BE3E49 /* UIPlaceHolderTextView.m */ = {isa = PBXFileReference; fileEncoding = 4; lastKnownFileType = sourcecode.c.objc; path = UIPlaceHolderTextView.m; sourceTree = "<group>"; };
		6F015E35154B029000BE3E49 /* ConfirmViewController.h */ = {isa = PBXFileReference; fileEncoding = 4; lastKnownFileType = sourcecode.c.h; path = ConfirmViewController.h; sourceTree = "<group>"; };
		6F015E36154B029000BE3E49 /* ConfirmViewController.m */ = {isa = PBXFileReference; fileEncoding = 4; lastKnownFileType = sourcecode.c.objc; path = ConfirmViewController.m; sourceTree = "<group>"; };
		6F01FE1C1625E2CC007DE393 /* Default-568h@2x.png */ = {isa = PBXFileReference; lastKnownFileType = image.png; name = "Default-568h@2x.png"; path = "PhotoUploadExample/Default-568h@2x.png"; sourceTree = SOURCE_ROOT; };
		6F01FE2B162606C1007DE393 /* app-background-586.png */ = {isa = PBXFileReference; lastKnownFileType = image.png; name = "app-background-586.png"; path = "PhotoUploadExample/app-background-586.png"; sourceTree = SOURCE_ROOT; };
		6F334A5B154B08FB00345C16 /* NSDictionary+Utils.h */ = {isa = PBXFileReference; fileEncoding = 4; lastKnownFileType = sourcecode.c.h; path = "NSDictionary+Utils.h"; sourceTree = "<group>"; };
		6F334A5C154B08FB00345C16 /* NSDictionary+Utils.m */ = {isa = PBXFileReference; fileEncoding = 4; lastKnownFileType = sourcecode.c.objc; path = "NSDictionary+Utils.m"; sourceTree = "<group>"; };
		6F334A5F154B11CC00345C16 /* BVNavigationItem.h */ = {isa = PBXFileReference; fileEncoding = 4; lastKnownFileType = sourcecode.c.h; path = BVNavigationItem.h; sourceTree = "<group>"; };
		6F334A60154B11CC00345C16 /* BVNavigationItem.m */ = {isa = PBXFileReference; fileEncoding = 4; lastKnownFileType = sourcecode.c.objc; path = BVNavigationItem.m; sourceTree = "<group>"; };
		6F334A62154B15C400345C16 /* bv.png */ = {isa = PBXFileReference; lastKnownFileType = image.png; path = bv.png; sourceTree = "<group>"; };
		6F334A69154B18E100345C16 /* Default@2x.png */ = {isa = PBXFileReference; lastKnownFileType = image.png; path = "Default@2x.png"; sourceTree = "<group>"; };
		6F334A6A154B18E100345C16 /* Default.png */ = {isa = PBXFileReference; lastKnownFileType = image.png; path = Default.png; sourceTree = "<group>"; };
		6F334A97154B300600345C16 /* libarclite_universal.a */ = {isa = PBXFileReference; lastKnownFileType = archive.ar; path = libarclite_universal.a; sourceTree = "<group>"; };
		6F3618541559A430007B31DC /* libBViOSSDK.a */ = {isa = PBXFileReference; lastKnownFileType = archive.ar; path = libBViOSSDK.a; sourceTree = "<group>"; };
		6F3618771559AE77007B31DC /* BVColor.h */ = {isa = PBXFileReference; fileEncoding = 4; lastKnownFileType = sourcecode.c.h; path = BVColor.h; sourceTree = "<group>"; };
		6F3618781559AE77007B31DC /* BVColor.m */ = {isa = PBXFileReference; fileEncoding = 4; lastKnownFileType = sourcecode.c.objc; path = BVColor.m; sourceTree = "<group>"; };
		6F36187A1559C03A007B31DC /* RoundedCornerView.h */ = {isa = PBXFileReference; fileEncoding = 4; lastKnownFileType = sourcecode.c.h; path = RoundedCornerView.h; sourceTree = "<group>"; };
		6F36187B1559C03B007B31DC /* RoundedCornerView.m */ = {isa = PBXFileReference; fileEncoding = 4; lastKnownFileType = sourcecode.c.objc; path = RoundedCornerView.m; sourceTree = "<group>"; };
		6F4B999F153F4EB90040AF27 /* PhotoUploadExample.app */ = {isa = PBXFileReference; explicitFileType = wrapper.application; includeInIndex = 0; path = PhotoUploadExample.app; sourceTree = BUILT_PRODUCTS_DIR; };
		6F4B99A3153F4EB90040AF27 /* UIKit.framework */ = {isa = PBXFileReference; lastKnownFileType = wrapper.framework; name = UIKit.framework; path = System/Library/Frameworks/UIKit.framework; sourceTree = SDKROOT; };
		6F4B99A5153F4EB90040AF27 /* Foundation.framework */ = {isa = PBXFileReference; lastKnownFileType = wrapper.framework; name = Foundation.framework; path = System/Library/Frameworks/Foundation.framework; sourceTree = SDKROOT; };
		6F4B99A7153F4EB90040AF27 /* CoreGraphics.framework */ = {isa = PBXFileReference; lastKnownFileType = wrapper.framework; name = CoreGraphics.framework; path = System/Library/Frameworks/CoreGraphics.framework; sourceTree = SDKROOT; };
		6F4B99AB153F4EB90040AF27 /* PhotoUploadExample-Info.plist */ = {isa = PBXFileReference; lastKnownFileType = text.plist.xml; path = "PhotoUploadExample-Info.plist"; sourceTree = "<group>"; };
		6F4B99AD153F4EB90040AF27 /* en */ = {isa = PBXFileReference; lastKnownFileType = text.plist.strings; name = en; path = en.lproj/InfoPlist.strings; sourceTree = "<group>"; };
		6F4B99AF153F4EB90040AF27 /* main.m */ = {isa = PBXFileReference; lastKnownFileType = sourcecode.c.objc; path = main.m; sourceTree = "<group>"; };
		6F4B99B1153F4EB90040AF27 /* PhotoUploadExample-Prefix.pch */ = {isa = PBXFileReference; lastKnownFileType = sourcecode.c.h; path = "PhotoUploadExample-Prefix.pch"; sourceTree = "<group>"; };
		6F4B99B2153F4EB90040AF27 /* AppDelegate.h */ = {isa = PBXFileReference; lastKnownFileType = sourcecode.c.h; path = AppDelegate.h; sourceTree = "<group>"; };
		6F4B99B3153F4EB90040AF27 /* AppDelegate.m */ = {isa = PBXFileReference; lastKnownFileType = sourcecode.c.objc; path = AppDelegate.m; sourceTree = "<group>"; };
		6F4B99B6153F4EB90040AF27 /* en */ = {isa = PBXFileReference; lastKnownFileType = file.storyboard; name = en; path = en.lproj/MainStoryboard.storyboard; sourceTree = "<group>"; };
		6F4B99B8153F4EB90040AF27 /* ProductViewController.h */ = {isa = PBXFileReference; lastKnownFileType = sourcecode.c.h; path = ProductViewController.h; sourceTree = "<group>"; };
		6F4B99B9153F4EB90040AF27 /* ProductViewController.m */ = {isa = PBXFileReference; lastKnownFileType = sourcecode.c.objc; path = ProductViewController.m; sourceTree = "<group>"; };
		6F4CC6891540BE2800F16AE0 /* exifrotated.jpg */ = {isa = PBXFileReference; lastKnownFileType = image.jpeg; path = exifrotated.jpg; sourceTree = "<group>"; };
		6F850AD115BF4A8C0024B1AC /* BVBase.h */ = {isa = PBXFileReference; fileEncoding = 4; lastKnownFileType = sourcecode.c.h; path = BVBase.h; sourceTree = "<group>"; };
		6F850AD215BF4A8C0024B1AC /* BVDisplayAnswer.h */ = {isa = PBXFileReference; fileEncoding = 4; lastKnownFileType = sourcecode.c.h; path = BVDisplayAnswer.h; sourceTree = "<group>"; };
		6F850AD315BF4A8C0024B1AC /* BVDisplayCategories.h */ = {isa = PBXFileReference; fileEncoding = 4; lastKnownFileType = sourcecode.c.h; path = BVDisplayCategories.h; sourceTree = "<group>"; };
		6F850AD415BF4A8C0024B1AC /* BVDisplayComment.h */ = {isa = PBXFileReference; fileEncoding = 4; lastKnownFileType = sourcecode.c.h; path = BVDisplayComment.h; sourceTree = "<group>"; };
		6F850AD515BF4A8C0024B1AC /* BVDisplayProducts.h */ = {isa = PBXFileReference; fileEncoding = 4; lastKnownFileType = sourcecode.c.h; path = BVDisplayProducts.h; sourceTree = "<group>"; };
		6F850AD615BF4A8C0024B1AC /* BVDisplayProfile.h */ = {isa = PBXFileReference; fileEncoding = 4; lastKnownFileType = sourcecode.c.h; path = BVDisplayProfile.h; sourceTree = "<group>"; };
		6F850AD715BF4A8C0024B1AC /* BVDisplayQuestion.h */ = {isa = PBXFileReference; fileEncoding = 4; lastKnownFileType = sourcecode.c.h; path = BVDisplayQuestion.h; sourceTree = "<group>"; };
		6F850AD815BF4A8C0024B1AC /* BVDisplayReview.h */ = {isa = PBXFileReference; fileEncoding = 4; lastKnownFileType = sourcecode.c.h; path = BVDisplayReview.h; sourceTree = "<group>"; };
		6F850AD915BF4A8C0024B1AC /* BVDisplayStatistics.h */ = {isa = PBXFileReference; fileEncoding = 4; lastKnownFileType = sourcecode.c.h; path = BVDisplayStatistics.h; sourceTree = "<group>"; };
		6F850ADA15BF4A8C0024B1AC /* BVDisplayStories.h */ = {isa = PBXFileReference; fileEncoding = 4; lastKnownFileType = sourcecode.c.h; path = BVDisplayStories.h; sourceTree = "<group>"; };
		6F850ADB15BF4A8C0024B1AC /* BVIncludes.h */ = {isa = PBXFileReference; fileEncoding = 4; lastKnownFileType = sourcecode.c.h; path = BVIncludes.h; sourceTree = "<group>"; };
		6F850ADC15BF4A8C0024B1AC /* BVParameters.h */ = {isa = PBXFileReference; fileEncoding = 4; lastKnownFileType = sourcecode.c.h; path = BVParameters.h; sourceTree = "<group>"; };
		6F850ADD15BF4A8C0024B1AC /* BVResponse.h */ = {isa = PBXFileReference; fileEncoding = 4; lastKnownFileType = sourcecode.c.h; path = BVResponse.h; sourceTree = "<group>"; };
		6F850ADE15BF4A8C0024B1AC /* BVSettings.h */ = {isa = PBXFileReference; fileEncoding = 4; lastKnownFileType = sourcecode.c.h; path = BVSettings.h; sourceTree = "<group>"; };
		6F850ADF15BF4A8C0024B1AC /* BVSubmission.h */ = {isa = PBXFileReference; fileEncoding = 4; lastKnownFileType = sourcecode.c.h; path = BVSubmission.h; sourceTree = "<group>"; };
		6F850AE015BF4A8C0024B1AC /* BVSubmissionAnswer.h */ = {isa = PBXFileReference; fileEncoding = 4; lastKnownFileType = sourcecode.c.h; path = BVSubmissionAnswer.h; sourceTree = "<group>"; };
		6F850AE115BF4A8C0024B1AC /* BVSubmissionFeedback.h */ = {isa = PBXFileReference; fileEncoding = 4; lastKnownFileType = sourcecode.c.h; path = BVSubmissionFeedback.h; sourceTree = "<group>"; };
		6F850AE215BF4A8C0024B1AC /* BVSubmissionParametersAnswer.h */ = {isa = PBXFileReference; fileEncoding = 4; lastKnownFileType = sourcecode.c.h; path = BVSubmissionParametersAnswer.h; sourceTree = "<group>"; };
		6F850AE315BF4A8C0024B1AC /* BVSubmissionParametersBase.h */ = {isa = PBXFileReference; fileEncoding = 4; lastKnownFileType = sourcecode.c.h; path = BVSubmissionParametersBase.h; sourceTree = "<group>"; };
		6F850AE415BF4A8C0024B1AC /* BVSubmissionParametersComment.h */ = {isa = PBXFileReference; fileEncoding = 4; lastKnownFileType = sourcecode.c.h; path = BVSubmissionParametersComment.h; sourceTree = "<group>"; };
		6F850AE515BF4A8C0024B1AC /* BVSubmissionParametersFeedback.h */ = {isa = PBXFileReference; fileEncoding = 4; lastKnownFileType = sourcecode.c.h; path = BVSubmissionParametersFeedback.h; sourceTree = "<group>"; };
		6F850AE615BF4A8C0024B1AC /* BVSubmissionParametersPhoto.h */ = {isa = PBXFileReference; fileEncoding = 4; lastKnownFileType = sourcecode.c.h; path = BVSubmissionParametersPhoto.h; sourceTree = "<group>"; };
		6F850AE715BF4A8C0024B1AC /* BVSubmissionParametersQuestion.h */ = {isa = PBXFileReference; fileEncoding = 4; lastKnownFileType = sourcecode.c.h; path = BVSubmissionParametersQuestion.h; sourceTree = "<group>"; };
		6F850AE815BF4A8C0024B1AC /* BVSubmissionParametersReview.h */ = {isa = PBXFileReference; fileEncoding = 4; lastKnownFileType = sourcecode.c.h; path = BVSubmissionParametersReview.h; sourceTree = "<group>"; };
		6F850AE915BF4A8C0024B1AC /* BVSubmissionParametersStory.h */ = {isa = PBXFileReference; fileEncoding = 4; lastKnownFileType = sourcecode.c.h; path = BVSubmissionParametersStory.h; sourceTree = "<group>"; };
		6F850AEA15BF4A8C0024B1AC /* BVSubmissionParametersVideo.h */ = {isa = PBXFileReference; fileEncoding = 4; lastKnownFileType = sourcecode.c.h; path = BVSubmissionParametersVideo.h; sourceTree = "<group>"; };
		6F850AEB15BF4A8C0024B1AC /* BVSubmissionPhoto.h */ = {isa = PBXFileReference; fileEncoding = 4; lastKnownFileType = sourcecode.c.h; path = BVSubmissionPhoto.h; sourceTree = "<group>"; };
		6F850AEC15BF4A8C0024B1AC /* BVSubmissionQuestion.h */ = {isa = PBXFileReference; fileEncoding = 4; lastKnownFileType = sourcecode.c.h; path = BVSubmissionQuestion.h; sourceTree = "<group>"; };
		6F850AED15BF4A8C0024B1AC /* BVSubmissionReview.h */ = {isa = PBXFileReference; fileEncoding = 4; lastKnownFileType = sourcecode.c.h; path = BVSubmissionReview.h; sourceTree = "<group>"; };
		6F850AEE15BF4A8C0024B1AC /* BVSubmissionReviewComment.h */ = {isa = PBXFileReference; fileEncoding = 4; lastKnownFileType = sourcecode.c.h; path = BVSubmissionReviewComment.h; sourceTree = "<group>"; };
		6F850AEF15BF4A8C0024B1AC /* BVSubmissionStory.h */ = {isa = PBXFileReference; fileEncoding = 4; lastKnownFileType = sourcecode.c.h; path = BVSubmissionStory.h; sourceTree = "<group>"; };
		6F850AF015BF4A8C0024B1AC /* BVSubmissionVideo.h */ = {isa = PBXFileReference; fileEncoding = 4; lastKnownFileType = sourcecode.c.h; path = BVSubmissionVideo.h; sourceTree = "<group>"; };
		6F935A5F1547054A00B9FC85 /* dryer.png */ = {isa = PBXFileReference; lastKnownFileType = image.png; path = dryer.png; sourceTree = "<group>"; };
		6FB91CA6153F66E5009CB845 /* MobileCoreServices.framework */ = {isa = PBXFileReference; lastKnownFileType = wrapper.framework; name = MobileCoreServices.framework; path = System/Library/Frameworks/MobileCoreServices.framework; sourceTree = SDKROOT; };
		6FD71FBC154747BC00161834 /* RateView.h */ = {isa = PBXFileReference; fileEncoding = 4; lastKnownFileType = sourcecode.c.h; name = RateView.h; path = StarRating/RateView.h; sourceTree = "<group>"; };
		6FD71FBD154747BC00161834 /* RateView.m */ = {isa = PBXFileReference; fileEncoding = 4; lastKnownFileType = sourcecode.c.objc; name = RateView.m; path = StarRating/RateView.m; sourceTree = "<group>"; };
		6FD71FBF1548476B00161834 /* RateViewController.h */ = {isa = PBXFileReference; fileEncoding = 4; lastKnownFileType = sourcecode.c.h; path = RateViewController.h; sourceTree = "<group>"; };
		6FD71FC01548476B00161834 /* RateViewController.m */ = {isa = PBXFileReference; fileEncoding = 4; lastKnownFileType = sourcecode.c.objc; path = RateViewController.m; sourceTree = "<group>"; };
		6FDB99691561624400A9E392 /* app-background.png */ = {isa = PBXFileReference; lastKnownFileType = image.png; path = "app-background.png"; sourceTree = "<group>"; };
		6FDB996C15618A5A00A9E392 /* graphic-star.png */ = {isa = PBXFileReference; lastKnownFileType = image.png; path = "graphic-star.png"; sourceTree = "<group>"; };
		6FDB99731561929E00A9E392 /* ReviewCell.h */ = {isa = PBXFileReference; fileEncoding = 4; lastKnownFileType = sourcecode.c.h; path = ReviewCell.h; sourceTree = "<group>"; };
		6FDB99741561929E00A9E392 /* ReviewCell.m */ = {isa = PBXFileReference; fileEncoding = 4; lastKnownFileType = sourcecode.c.objc; path = ReviewCell.m; sourceTree = "<group>"; };
		6FE46253154072D800AECFCD /* UIImage+Alpha.h */ = {isa = PBXFileReference; fileEncoding = 4; lastKnownFileType = sourcecode.c.h; name = "UIImage+Alpha.h"; path = "UIImageResizing/UIImage+Alpha.h"; sourceTree = "<group>"; };
		6FE46254154072D800AECFCD /* UIImage+Alpha.m */ = {isa = PBXFileReference; fileEncoding = 4; lastKnownFileType = sourcecode.c.objc; name = "UIImage+Alpha.m"; path = "UIImageResizing/UIImage+Alpha.m"; sourceTree = "<group>"; };
		6FE46255154072D800AECFCD /* UIImage+Resize.h */ = {isa = PBXFileReference; fileEncoding = 4; lastKnownFileType = sourcecode.c.h; name = "UIImage+Resize.h"; path = "UIImageResizing/UIImage+Resize.h"; sourceTree = "<group>"; };
		6FE46256154072D800AECFCD /* UIImage+Resize.m */ = {isa = PBXFileReference; fileEncoding = 4; lastKnownFileType = sourcecode.c.objc; name = "UIImage+Resize.m"; path = "UIImageResizing/UIImage+Resize.m"; sourceTree = "<group>"; };
		6FE46257154072D800AECFCD /* UIImage+RoundedCorner.h */ = {isa = PBXFileReference; fileEncoding = 4; lastKnownFileType = sourcecode.c.h; name = "UIImage+RoundedCorner.h"; path = "UIImageResizing/UIImage+RoundedCorner.h"; sourceTree = "<group>"; };
		6FE46258154072D800AECFCD /* UIImage+RoundedCorner.m */ = {isa = PBXFileReference; fileEncoding = 4; lastKnownFileType = sourcecode.c.objc; name = "UIImage+RoundedCorner.m"; path = "UIImageResizing/UIImage+RoundedCorner.m"; sourceTree = "<group>"; };
		6FE462641540A12700AECFCD /* empty_star.png */ = {isa = PBXFileReference; lastKnownFileType = image.png; name = empty_star.png; path = StarRating/Assets/empty_star.png; sourceTree = "<group>"; };
		6FE462651540A12700AECFCD /* full_star.png */ = {isa = PBXFileReference; lastKnownFileType = image.png; name = full_star.png; path = StarRating/Assets/full_star.png; sourceTree = "<group>"; };
		BFDB5C9C154EE1D1001E80BF /* appicon.png */ = {isa = PBXFileReference; lastKnownFileType = image.png; path = appicon.png; sourceTree = "<group>"; };
		BFDB5C9E154EE1D6001E80BF /* appicon@2x.png */ = {isa = PBXFileReference; lastKnownFileType = image.png; path = "appicon@2x.png"; sourceTree = "<group>"; };
/* End PBXFileReference section */

/* Begin PBXFrameworksBuildPhase section */
		6F4B999C153F4EB90040AF27 /* Frameworks */ = {
			isa = PBXFrameworksBuildPhase;
			buildActionMask = 2147483647;
			files = (
				6FB91CA7153F66E5009CB845 /* MobileCoreServices.framework in Frameworks */,
				6F4B99A4153F4EB90040AF27 /* UIKit.framework in Frameworks */,
				6F4B99A6153F4EB90040AF27 /* Foundation.framework in Frameworks */,
				6F4B99A8153F4EB90040AF27 /* CoreGraphics.framework in Frameworks */,
				6F3618761559A430007B31DC /* libBViOSSDK.a in Frameworks */,
			);
			runOnlyForDeploymentPostprocessing = 0;
		};
/* End PBXFrameworksBuildPhase section */

/* Begin PBXGroup section */
		6F334A96154B300600345C16 /* bv-ios-static-library */ = {
			isa = PBXGroup;
			children = (
				6F850ACE15BF4A8C0024B1AC /* usr */,
				6F3618541559A430007B31DC /* libBViOSSDK.a */,
				6F334A97154B300600345C16 /* libarclite_universal.a */,
			);
			path = "bv-ios-static-library";
			sourceTree = "<group>";
		};
		6F4B9994153F4EB90040AF27 = {
			isa = PBXGroup;
			children = (
				BFDB5C9E154EE1D6001E80BF /* appicon@2x.png */,
				BFDB5C9C154EE1D1001E80BF /* appicon.png */,
				6FB91CA6153F66E5009CB845 /* MobileCoreServices.framework */,
				6F4B99A9153F4EB90040AF27 /* PhotoUploadExample */,
				6F4B99A2153F4EB90040AF27 /* Frameworks */,
				6F4B99A0153F4EB90040AF27 /* Products */,
			);
			sourceTree = "<group>";
		};
		6F4B99A0153F4EB90040AF27 /* Products */ = {
			isa = PBXGroup;
			children = (
				6F4B999F153F4EB90040AF27 /* PhotoUploadExample.app */,
			);
			name = Products;
			sourceTree = "<group>";
		};
		6F4B99A2153F4EB90040AF27 /* Frameworks */ = {
			isa = PBXGroup;
			children = (
				6F4B99A3153F4EB90040AF27 /* UIKit.framework */,
				6F4B99A5153F4EB90040AF27 /* Foundation.framework */,
				6F4B99A7153F4EB90040AF27 /* CoreGraphics.framework */,
			);
			name = Frameworks;
			sourceTree = "<group>";
		};
		6F4B99A9153F4EB90040AF27 /* PhotoUploadExample */ = {
			isa = PBXGroup;
			children = (
				6F334A96154B300600345C16 /* bv-ios-static-library */,
				6FE462601540A10100AECFCD /* StarRating */,
				6FE4624B1540717500AECFCD /* UIImageResizing */,
				6F4B99B2153F4EB90040AF27 /* AppDelegate.h */,
				6F4B99B3153F4EB90040AF27 /* AppDelegate.m */,
				6F3618771559AE77007B31DC /* BVColor.h */,
				6F3618781559AE77007B31DC /* BVColor.m */,
				6F334A5F154B11CC00345C16 /* BVNavigationItem.h */,
				6F334A60154B11CC00345C16 /* BVNavigationItem.m */,
				6F015E35154B029000BE3E49 /* ConfirmViewController.h */,
				6F015E36154B029000BE3E49 /* ConfirmViewController.m */,
				6F4B99B5153F4EB90040AF27 /* MainStoryboard.storyboard */,
				6F4B99B8153F4EB90040AF27 /* ProductViewController.h */,
				6F4B99B9153F4EB90040AF27 /* ProductViewController.m */,
				6FD71FBF1548476B00161834 /* RateViewController.h */,
				6FD71FC01548476B00161834 /* RateViewController.m */,
				6F015E2E154AFAB300BE3E49 /* UIPlaceHolderTextView.h */,
				6F015E2F154AFAB300BE3E49 /* UIPlaceHolderTextView.m */,
				6F334A5B154B08FB00345C16 /* NSDictionary+Utils.h */,
				6F334A5C154B08FB00345C16 /* NSDictionary+Utils.m */,
				6FDB99731561929E00A9E392 /* ReviewCell.h */,
				6FDB99741561929E00A9E392 /* ReviewCell.m */,
				6F36187A1559C03A007B31DC /* RoundedCornerView.h */,
				6F36187B1559C03B007B31DC /* RoundedCornerView.m */,
				6FDB996C15618A5A00A9E392 /* graphic-star.png */,
				6F334A62154B15C400345C16 /* bv.png */,
				6F935A5F1547054A00B9FC85 /* dryer.png */,
				6F01FE1C1625E2CC007DE393 /* Default-568h@2x.png */,
				6F334A69154B18E100345C16 /* Default@2x.png */,
				6F334A6A154B18E100345C16 /* Default.png */,
				6FDB99691561624400A9E392 /* app-background.png */,
				6F01FE2B162606C1007DE393 /* app-background-586.png */,
				6F4B99AA153F4EB90040AF27 /* Supporting Files */,
			);
			path = PhotoUploadExample;
			sourceTree = "<group>";
		};
		6F4B99AA153F4EB90040AF27 /* Supporting Files */ = {
			isa = PBXGroup;
			children = (
				6F4CC6891540BE2800F16AE0 /* exifrotated.jpg */,
				6F4B99AB153F4EB90040AF27 /* PhotoUploadExample-Info.plist */,
				6F4B99AC153F4EB90040AF27 /* InfoPlist.strings */,
				6F4B99AF153F4EB90040AF27 /* main.m */,
				6F4B99B1153F4EB90040AF27 /* PhotoUploadExample-Prefix.pch */,
			);
			name = "Supporting Files";
			sourceTree = "<group>";
		};
		6F850ACE15BF4A8C0024B1AC /* usr */ = {
			isa = PBXGroup;
			children = (
				6F850ACF15BF4A8C0024B1AC /* local */,
			);
			path = usr;
			sourceTree = "<group>";
		};
		6F850ACF15BF4A8C0024B1AC /* local */ = {
			isa = PBXGroup;
			children = (
				6F850AD015BF4A8C0024B1AC /* include */,
			);
			path = local;
			sourceTree = "<group>";
		};
		6F850AD015BF4A8C0024B1AC /* include */ = {
			isa = PBXGroup;
			children = (
				6F850AD115BF4A8C0024B1AC /* BVBase.h */,
				6F850AD215BF4A8C0024B1AC /* BVDisplayAnswer.h */,
				6F850AD315BF4A8C0024B1AC /* BVDisplayCategories.h */,
				6F850AD415BF4A8C0024B1AC /* BVDisplayComment.h */,
				6F850AD515BF4A8C0024B1AC /* BVDisplayProducts.h */,
				6F850AD615BF4A8C0024B1AC /* BVDisplayProfile.h */,
				6F850AD715BF4A8C0024B1AC /* BVDisplayQuestion.h */,
				6F850AD815BF4A8C0024B1AC /* BVDisplayReview.h */,
				6F850AD915BF4A8C0024B1AC /* BVDisplayStatistics.h */,
				6F850ADA15BF4A8C0024B1AC /* BVDisplayStories.h */,
				6F850ADB15BF4A8C0024B1AC /* BVIncludes.h */,
				6F850ADC15BF4A8C0024B1AC /* BVParameters.h */,
				6F850ADD15BF4A8C0024B1AC /* BVResponse.h */,
				6F850ADE15BF4A8C0024B1AC /* BVSettings.h */,
				6F850ADF15BF4A8C0024B1AC /* BVSubmission.h */,
				6F850AE015BF4A8C0024B1AC /* BVSubmissionAnswer.h */,
				6F850AE115BF4A8C0024B1AC /* BVSubmissionFeedback.h */,
				6F850AE215BF4A8C0024B1AC /* BVSubmissionParametersAnswer.h */,
				6F850AE315BF4A8C0024B1AC /* BVSubmissionParametersBase.h */,
				6F850AE415BF4A8C0024B1AC /* BVSubmissionParametersComment.h */,
				6F850AE515BF4A8C0024B1AC /* BVSubmissionParametersFeedback.h */,
				6F850AE615BF4A8C0024B1AC /* BVSubmissionParametersPhoto.h */,
				6F850AE715BF4A8C0024B1AC /* BVSubmissionParametersQuestion.h */,
				6F850AE815BF4A8C0024B1AC /* BVSubmissionParametersReview.h */,
				6F850AE915BF4A8C0024B1AC /* BVSubmissionParametersStory.h */,
				6F850AEA15BF4A8C0024B1AC /* BVSubmissionParametersVideo.h */,
				6F850AEB15BF4A8C0024B1AC /* BVSubmissionPhoto.h */,
				6F850AEC15BF4A8C0024B1AC /* BVSubmissionQuestion.h */,
				6F850AED15BF4A8C0024B1AC /* BVSubmissionReview.h */,
				6F850AEE15BF4A8C0024B1AC /* BVSubmissionReviewComment.h */,
				6F850AEF15BF4A8C0024B1AC /* BVSubmissionStory.h */,
				6F850AF015BF4A8C0024B1AC /* BVSubmissionVideo.h */,
			);
			path = include;
			sourceTree = "<group>";
		};
		6FE4624B1540717500AECFCD /* UIImageResizing */ = {
			isa = PBXGroup;
			children = (
				6FE46253154072D800AECFCD /* UIImage+Alpha.h */,
				6FE46254154072D800AECFCD /* UIImage+Alpha.m */,
				6FE46255154072D800AECFCD /* UIImage+Resize.h */,
				6FE46256154072D800AECFCD /* UIImage+Resize.m */,
				6FE46257154072D800AECFCD /* UIImage+RoundedCorner.h */,
				6FE46258154072D800AECFCD /* UIImage+RoundedCorner.m */,
			);
			name = UIImageResizing;
			sourceTree = "<group>";
		};
		6FE462601540A10100AECFCD /* StarRating */ = {
			isa = PBXGroup;
			children = (
				6FD71FBC154747BC00161834 /* RateView.h */,
				6FD71FBD154747BC00161834 /* RateView.m */,
				6FFE88B6154743F60013DFD9 /* Assets */,
			);
			name = StarRating;
			sourceTree = "<group>";
		};
		6FFE88B6154743F60013DFD9 /* Assets */ = {
			isa = PBXGroup;
			children = (
				6FE462641540A12700AECFCD /* empty_star.png */,
				6FE462651540A12700AECFCD /* full_star.png */,
			);
			name = Assets;
			sourceTree = "<group>";
		};
/* End PBXGroup section */

/* Begin PBXNativeTarget section */
		6F4B999E153F4EB90040AF27 /* PhotoUploadExample */ = {
			isa = PBXNativeTarget;
			buildConfigurationList = 6F4B99BD153F4EB90040AF27 /* Build configuration list for PBXNativeTarget "PhotoUploadExample" */;
			buildPhases = (
				6F4B999B153F4EB90040AF27 /* Sources */,
				6F4B999C153F4EB90040AF27 /* Frameworks */,
				6F4B999D153F4EB90040AF27 /* Resources */,
			);
			buildRules = (
			);
			dependencies = (
			);
			name = PhotoUploadExample;
			productName = PhotoUploadExample;
			productReference = 6F4B999F153F4EB90040AF27 /* PhotoUploadExample.app */;
			productType = "com.apple.product-type.application";
		};
/* End PBXNativeTarget section */

/* Begin PBXProject section */
		6F4B9996153F4EB90040AF27 /* Project object */ = {
			isa = PBXProject;
			attributes = {
				LastUpgradeCheck = 0430;
				ORGANIZATIONNAME = BazaarVoice;
			};
			buildConfigurationList = 6F4B9999153F4EB90040AF27 /* Build configuration list for PBXProject "PhotoUploadExample" */;
			compatibilityVersion = "Xcode 3.2";
			developmentRegion = English;
			hasScannedForEncodings = 0;
			knownRegions = (
				en,
			);
			mainGroup = 6F4B9994153F4EB90040AF27;
			productRefGroup = 6F4B99A0153F4EB90040AF27 /* Products */;
			projectDirPath = "";
			projectRoot = "";
			targets = (
				6F4B999E153F4EB90040AF27 /* PhotoUploadExample */,
			);
		};
/* End PBXProject section */

/* Begin PBXResourcesBuildPhase section */
		6F4B999D153F4EB90040AF27 /* Resources */ = {
			isa = PBXResourcesBuildPhase;
			buildActionMask = 2147483647;
			files = (
				6F4B99AE153F4EB90040AF27 /* InfoPlist.strings in Resources */,
				6F4B99B7153F4EB90040AF27 /* MainStoryboard.storyboard in Resources */,
				6FE462671540A12700AECFCD /* empty_star.png in Resources */,
				6FE462681540A12700AECFCD /* full_star.png in Resources */,
				6F4CC68A1540BE2800F16AE0 /* exifrotated.jpg in Resources */,
				6F935A601547054A00B9FC85 /* dryer.png in Resources */,
				6F334A63154B15C400345C16 /* bv.png in Resources */,
				6F334A6D154B18E100345C16 /* Default@2x.png in Resources */,
				6F334A6E154B18E100345C16 /* Default.png in Resources */,
				BFDB5C9D154EE1D1001E80BF /* appicon.png in Resources */,
				BFDB5C9F154EE1D6001E80BF /* appicon@2x.png in Resources */,
				6FDB996A1561624400A9E392 /* app-background.png in Resources */,
				6FDB996D15618A5A00A9E392 /* graphic-star.png in Resources */,
				6F01FE1D1625E2CC007DE393 /* Default-568h@2x.png in Resources */,
				6F01FE2C162606C1007DE393 /* app-background-586.png in Resources */,
			);
			runOnlyForDeploymentPostprocessing = 0;
		};
/* End PBXResourcesBuildPhase section */

/* Begin PBXSourcesBuildPhase section */
		6F4B999B153F4EB90040AF27 /* Sources */ = {
			isa = PBXSourcesBuildPhase;
			buildActionMask = 2147483647;
			files = (
				6F4B99B0153F4EB90040AF27 /* main.m in Sources */,
				6F4B99B4153F4EB90040AF27 /* AppDelegate.m in Sources */,
				6F4B99BA153F4EB90040AF27 /* ProductViewController.m in Sources */,
				6FE46259154072D800AECFCD /* UIImage+Alpha.m in Sources */,
				6FE4625A154072D800AECFCD /* UIImage+Resize.m in Sources */,
				6FE4625B154072D800AECFCD /* UIImage+RoundedCorner.m in Sources */,
				6FD71FBE154747BC00161834 /* RateView.m in Sources */,
				6FD71FC11548476B00161834 /* RateViewController.m in Sources */,
				6F015E30154AFAB300BE3E49 /* UIPlaceHolderTextView.m in Sources */,
				6F015E37154B029000BE3E49 /* ConfirmViewController.m in Sources */,
				6F334A5D154B08FB00345C16 /* NSDictionary+Utils.m in Sources */,
				6F334A61154B11CD00345C16 /* BVNavigationItem.m in Sources */,
				6F3618791559AE77007B31DC /* BVColor.m in Sources */,
				6F36187C1559C03B007B31DC /* RoundedCornerView.m in Sources */,
				6FDB99751561929E00A9E392 /* ReviewCell.m in Sources */,
			);
			runOnlyForDeploymentPostprocessing = 0;
		};
/* End PBXSourcesBuildPhase section */

/* Begin PBXVariantGroup section */
		6F4B99AC153F4EB90040AF27 /* InfoPlist.strings */ = {
			isa = PBXVariantGroup;
			children = (
				6F4B99AD153F4EB90040AF27 /* en */,
			);
			name = InfoPlist.strings;
			sourceTree = "<group>";
		};
		6F4B99B5153F4EB90040AF27 /* MainStoryboard.storyboard */ = {
			isa = PBXVariantGroup;
			children = (
				6F4B99B6153F4EB90040AF27 /* en */,
			);
			name = MainStoryboard.storyboard;
			sourceTree = "<group>";
		};
/* End PBXVariantGroup section */

/* Begin XCBuildConfiguration section */
		6F4B99BB153F4EB90040AF27 /* Debug */ = {
			isa = XCBuildConfiguration;
			buildSettings = {
				ALWAYS_SEARCH_USER_PATHS = NO;
				ARCHS = "$(ARCHS_STANDARD_32_BIT)";
				CLANG_ENABLE_OBJC_ARC = YES;
				"CODE_SIGN_IDENTITY[sdk=iphoneos*]" = "iPhone Developer";
				COPY_PHASE_STRIP = NO;
				GCC_C_LANGUAGE_STANDARD = gnu99;
				GCC_DYNAMIC_NO_PIC = NO;
				GCC_OPTIMIZATION_LEVEL = 0;
				GCC_PREPROCESSOR_DEFINITIONS = (
					"DEBUG=1",
					"$(inherited)",
				);
				GCC_SYMBOLS_PRIVATE_EXTERN = NO;
				GCC_VERSION = com.apple.compilers.llvm.clang.1_0;
				GCC_WARN_ABOUT_RETURN_TYPE = YES;
				GCC_WARN_UNINITIALIZED_AUTOS = YES;
				GCC_WARN_UNUSED_VARIABLE = YES;
				IPHONEOS_DEPLOYMENT_TARGET = 5.1;
				"OTHER_LDFLAGS[arch=*]" = "-ObjC";
				SDKROOT = iphoneos;
			};
			name = Debug;
		};
		6F4B99BC153F4EB90040AF27 /* Release */ = {
			isa = XCBuildConfiguration;
			buildSettings = {
				ALWAYS_SEARCH_USER_PATHS = NO;
				ARCHS = "$(ARCHS_STANDARD_32_BIT)";
				CLANG_ENABLE_OBJC_ARC = YES;
				"CODE_SIGN_IDENTITY[sdk=iphoneos*]" = "iPhone Developer";
				COPY_PHASE_STRIP = YES;
				GCC_C_LANGUAGE_STANDARD = gnu99;
				GCC_VERSION = com.apple.compilers.llvm.clang.1_0;
				GCC_WARN_ABOUT_RETURN_TYPE = YES;
				GCC_WARN_UNINITIALIZED_AUTOS = YES;
				GCC_WARN_UNUSED_VARIABLE = YES;
				IPHONEOS_DEPLOYMENT_TARGET = 5.1;
				OTHER_CFLAGS = "-DNS_BLOCK_ASSERTIONS=1";
				"OTHER_LDFLAGS[arch=*]" = "-ObjC";
				SDKROOT = iphoneos;
				VALIDATE_PRODUCT = YES;
			};
			name = Release;
		};
		6F4B99BE153F4EB90040AF27 /* Debug */ = {
			isa = XCBuildConfiguration;
			buildSettings = {
				"CODE_SIGN_IDENTITY[sdk=iphoneos*]" = "iPhone Developer: Alex Medearis (UBFJTML2DG)";
				GCC_PRECOMPILE_PREFIX_HEADER = YES;
				GCC_PREFIX_HEADER = "PhotoUploadExample/PhotoUploadExample-Prefix.pch";
				INFOPLIST_FILE = "PhotoUploadExample/PhotoUploadExample-Info.plist";
				IPHONEOS_DEPLOYMENT_TARGET = 5.0;
				LIBRARY_SEARCH_PATHS = (
					"$(inherited)",
					"\"$(SRCROOT)/PhotoUploadExample\"",
					"\"$(SRCROOT)/PhotoUploadExample/bv-ios-static-library\"",
				);
				PRODUCT_NAME = "$(TARGET_NAME)";
				"PROVISIONING_PROFILE[sdk=iphoneos*]" = "3822D179-C923-4487-BDEF-705E5081C97E";
				WRAPPER_EXTENSION = app;
			};
			name = Debug;
		};
		6F4B99BF153F4EB90040AF27 /* Release */ = {
			isa = XCBuildConfiguration;
			buildSettings = {
				"CODE_SIGN_IDENTITY[sdk=iphoneos*]" = "iPhone Developer: Alex Medearis (UBFJTML2DG)";
				GCC_PRECOMPILE_PREFIX_HEADER = YES;
				GCC_PREFIX_HEADER = "PhotoUploadExample/PhotoUploadExample-Prefix.pch";
				INFOPLIST_FILE = "PhotoUploadExample/PhotoUploadExample-Info.plist";
				IPHONEOS_DEPLOYMENT_TARGET = 5.0;
				LIBRARY_SEARCH_PATHS = (
					"$(inherited)",
					"\"$(SRCROOT)/PhotoUploadExample\"",
					"\"$(SRCROOT)/PhotoUploadExample/bv-ios-static-library\"",
				);
				PRODUCT_NAME = "$(TARGET_NAME)";
				"PROVISIONING_PROFILE[sdk=iphoneos*]" = "3822D179-C923-4487-BDEF-705E5081C97E";
				WRAPPER_EXTENSION = app;
			};
			name = Release;
		};
/* End XCBuildConfiguration section */

/* Begin XCConfigurationList section */
		6F4B9999153F4EB90040AF27 /* Build configuration list for PBXProject "PhotoUploadExample" */ = {
			isa = XCConfigurationList;
			buildConfigurations = (
				6F4B99BB153F4EB90040AF27 /* Debug */,
				6F4B99BC153F4EB90040AF27 /* Release */,
			);
			defaultConfigurationIsVisible = 0;
			defaultConfigurationName = Release;
		};
		6F4B99BD153F4EB90040AF27 /* Build configuration list for PBXNativeTarget "PhotoUploadExample" */ = {
			isa = XCConfigurationList;
			buildConfigurations = (
				6F4B99BE153F4EB90040AF27 /* Debug */,
				6F4B99BF153F4EB90040AF27 /* Release */,
			);
			defaultConfigurationIsVisible = 0;
			defaultConfigurationName = Release;
		};
/* End XCConfigurationList section */
	};
	rootObject = 6F4B9996153F4EB90040AF27 /* Project object */;
}
