// !$*UTF8*$!
{
	archiveVersion = 1;
	classes = {
	};
	objectVersion = 46;
	objects = {

/* Begin PBXBuildFile section */
		32F681D3AC71405CE84BFF4D /* Pods_BVSDK_Tests.framework in Frameworks */ = {isa = PBXBuildFile; fileRef = 0B264E7CBC50BFE1ABBDCD79 /* Pods_BVSDK_Tests.framework */; };
		6003F5B0195388D20070C39A /* XCTest.framework in Frameworks */ = {isa = PBXBuildFile; fileRef = 6003F5AF195388D20070C39A /* XCTest.framework */; };
		6003F5B1195388D20070C39A /* Foundation.framework in Frameworks */ = {isa = PBXBuildFile; fileRef = 6003F58D195388D20070C39A /* Foundation.framework */; };
		6003F5B2195388D20070C39A /* UIKit.framework in Frameworks */ = {isa = PBXBuildFile; fileRef = 6003F591195388D20070C39A /* UIKit.framework */; };
		6003F5BA195388D20070C39A /* InfoPlist.strings in Resources */ = {isa = PBXBuildFile; fileRef = 6003F5B8195388D20070C39A /* InfoPlist.strings */; };
		6003F5BC195388D20070C39A /* BVConversationsTests.m in Sources */ = {isa = PBXBuildFile; fileRef = 6003F5BB195388D20070C39A /* BVConversationsTests.m */; };
		734411741A9AD48A007C90ED /* BVAnalyticsTest.m in Sources */ = {isa = PBXBuildFile; fileRef = 734411731A9AD48A007C90ED /* BVAnalyticsTest.m */; };
		738C5E811D472D6700A0D58E /* ConversationsDisplayTests.swift in Sources */ = {isa = PBXBuildFile; fileRef = 738C5E701D472D6700A0D58E /* ConversationsDisplayTests.swift */; };
		738C5E821D472D6700A0D58E /* InlineRatingsDisplayTests.swift in Sources */ = {isa = PBXBuildFile; fileRef = 738C5E711D472D6700A0D58E /* InlineRatingsDisplayTests.swift */; };
		738C5E831D472D6700A0D58E /* ProductDisplayTests.swift in Sources */ = {isa = PBXBuildFile; fileRef = 738C5E721D472D6700A0D58E /* ProductDisplayTests.swift */; };
		738C5E841D472D6700A0D58E /* QuestionDisplayTests.swift in Sources */ = {isa = PBXBuildFile; fileRef = 738C5E731D472D6700A0D58E /* QuestionDisplayTests.swift */; };
		738C5E851D472D6700A0D58E /* ReviewDisplayTests.swift in Sources */ = {isa = PBXBuildFile; fileRef = 738C5E741D472D6700A0D58E /* ReviewDisplayTests.swift */; };
		738C5E861D472D6700A0D58E /* ConversationsTests.swift in Sources */ = {isa = PBXBuildFile; fileRef = 738C5E761D472D6700A0D58E /* ConversationsTests.swift */; };
		738C5E871D472D6700A0D58E /* DisplayParametersTests.swift in Sources */ = {isa = PBXBuildFile; fileRef = 738C5E771D472D6700A0D58E /* DisplayParametersTests.swift */; };
		738C5E881D472D6700A0D58E /* FilterTests.swift in Sources */ = {isa = PBXBuildFile; fileRef = 738C5E781D472D6700A0D58E /* FilterTests.swift */; };
		738C5E891D472D6700A0D58E /* ProductIdEscapeTests.swift in Sources */ = {isa = PBXBuildFile; fileRef = 738C5E791D472D6700A0D58E /* ProductIdEscapeTests.swift */; };
		738C5E8A1D472D6700A0D58E /* PhotoSizesParsingTests.swift in Sources */ = {isa = PBXBuildFile; fileRef = 738C5E7B1D472D6700A0D58E /* PhotoSizesParsingTests.swift */; };
		738C5E8B1D472D6700A0D58E /* AnswerSubmissionTests.swift in Sources */ = {isa = PBXBuildFile; fileRef = 738C5E7D1D472D6700A0D58E /* AnswerSubmissionTests.swift */; };
		738C5E8C1D472D6700A0D58E /* PhotoUploadTests.swift in Sources */ = {isa = PBXBuildFile; fileRef = 738C5E7E1D472D6700A0D58E /* PhotoUploadTests.swift */; };
		738C5E8D1D472D6700A0D58E /* QuestionSubmissionTests.swift in Sources */ = {isa = PBXBuildFile; fileRef = 738C5E7F1D472D6700A0D58E /* QuestionSubmissionTests.swift */; };
		738C5E8E1D472D6700A0D58E /* ReviewSubmissionTests.swift in Sources */ = {isa = PBXBuildFile; fileRef = 738C5E801D472D6700A0D58E /* ReviewSubmissionTests.swift */; };
		87185F041CAAE5E300FE27F1 /* BVCurationsTests.m in Sources */ = {isa = PBXBuildFile; fileRef = 87185F031CAAE5E300FE27F1 /* BVCurationsTests.m */; };
		87542E8F1D5D434C00E3AFE5 /* BVLocationTests.m in Sources */ = {isa = PBXBuildFile; fileRef = 87542E8E1D5D434C00E3AFE5 /* BVLocationTests.m */; };
		87577E9D1BD55DD500E1F39C /* BVRecommendationsTests.m in Sources */ = {isa = PBXBuildFile; fileRef = 87577E9C1BD55DD500E1F39C /* BVRecommendationsTests.m */; };
		8757CFEF1BD176C600C0DE7C /* BVUserProfileTests.m in Sources */ = {isa = PBXBuildFile; fileRef = 8757CFEE1BD176C600C0DE7C /* BVUserProfileTests.m */; };
		8787E4A91CDBCE8A004F65C2 /* userProfile1.json in Resources */ = {isa = PBXBuildFile; fileRef = 8787E4A81CDBCE8A004F65C2 /* userProfile1.json */; };
		8787E4AB1CDBCFF3004F65C2 /* recommendationsResult.json in Resources */ = {isa = PBXBuildFile; fileRef = 8787E4AA1CDBCFF3004F65C2 /* recommendationsResult.json */; };
		8787E4AE1CDBD273004F65C2 /* recommendationsByCategoryId.json in Resources */ = {isa = PBXBuildFile; fileRef = 8787E4AC1CDBD273004F65C2 /* recommendationsByCategoryId.json */; };
		8787E4AF1CDBD273004F65C2 /* recommendationsByProductId.json in Resources */ = {isa = PBXBuildFile; fileRef = 8787E4AD1CDBD273004F65C2 /* recommendationsByProductId.json */; };
		8787E4B11CDC3A5D004F65C2 /* curations500Error.json in Resources */ = {isa = PBXBuildFile; fileRef = 8787E4B01CDC3A5D004F65C2 /* curations500Error.json */; };
		8787E4B31CDC3AA5004F65C2 /* malformedJSON.json in Resources */ = {isa = PBXBuildFile; fileRef = 8787E4B21CDC3AA5004F65C2 /* malformedJSON.json */; };
		8787E4B51CDC3D58004F65C2 /* recommendationsNullJSON.json in Resources */ = {isa = PBXBuildFile; fileRef = 8787E4B41CDC3D58004F65C2 /* recommendationsNullJSON.json */; };
		8787E4B71CDCC46A004F65C2 /* BVBaseStubTestCase.m in Sources */ = {isa = PBXBuildFile; fileRef = 8787E4B61CDCC46A004F65C2 /* BVBaseStubTestCase.m */; };
		8787E4C81CDD2D5D004F65C2 /* testShowReviewSparse.json in Resources */ = {isa = PBXBuildFile; fileRef = 8787E4C71CDD2D5D004F65C2 /* testShowReviewSparse.json */; };
		8787E4CA1CDD34AC004F65C2 /* testShowReview.json in Resources */ = {isa = PBXBuildFile; fileRef = 8787E4C91CDD34AC004F65C2 /* testShowReview.json */; };
		8787E4D71CDD3568004F65C2 /* testShowQuestion.json in Resources */ = {isa = PBXBuildFile; fileRef = 8787E4D31CDD3568004F65C2 /* testShowQuestion.json */; };
		8787E4D81CDD3568004F65C2 /* testShowQuestionSparse.json in Resources */ = {isa = PBXBuildFile; fileRef = 8787E4D41CDD3568004F65C2 /* testShowQuestionSparse.json */; };
		8787E4D91CDD3568004F65C2 /* testShowQuestionsSparse.json in Resources */ = {isa = PBXBuildFile; fileRef = 8787E4D51CDD3568004F65C2 /* testShowQuestionsSparse.json */; };
		8787E4DA1CDD3568004F65C2 /* testShowReviewIncludesSearch.json in Resources */ = {isa = PBXBuildFile; fileRef = 8787E4D61CDD3568004F65C2 /* testShowReviewIncludesSearch.json */; };
		8787E4DF1CDD364A004F65C2 /* testShowQuestions.json in Resources */ = {isa = PBXBuildFile; fileRef = 8787E4DB1CDD364A004F65C2 /* testShowQuestions.json */; };
		8787E4E01CDD364A004F65C2 /* testShowStorySparse.json in Resources */ = {isa = PBXBuildFile; fileRef = 8787E4DC1CDD364A004F65C2 /* testShowStorySparse.json */; };
		8787E4E11CDD364A004F65C2 /* testShowStory.json in Resources */ = {isa = PBXBuildFile; fileRef = 8787E4DD1CDD364A004F65C2 /* testShowStory.json */; };
		8787E4E21CDD364A004F65C2 /* testShowCommentsSparse.json in Resources */ = {isa = PBXBuildFile; fileRef = 8787E4DE1CDD364A004F65C2 /* testShowCommentsSparse.json */; };
		8787E4E41CDD398D004F65C2 /* emptyJSON.json in Resources */ = {isa = PBXBuildFile; fileRef = 8787E4E31CDD398D004F65C2 /* emptyJSON.json */; };
		8787E4E61CE0F17C004F65C2 /* testShowCategory.json in Resources */ = {isa = PBXBuildFile; fileRef = 8787E4E51CE0F17C004F65C2 /* testShowCategory.json */; };
		8787E4EA1CE0FE48004F65C2 /* testShowComments.json in Resources */ = {isa = PBXBuildFile; fileRef = 8787E4E91CE0FE48004F65C2 /* testShowComments.json */; };
		8787E4EC1CE0FF15004F65C2 /* testShowCommentStorySparse.json in Resources */ = {isa = PBXBuildFile; fileRef = 8787E4EB1CE0FF15004F65C2 /* testShowCommentStorySparse.json */; };
		8787E4EE1CE0FF28004F65C2 /* testShowCommentStory.json in Resources */ = {isa = PBXBuildFile; fileRef = 8787E4ED1CE0FF28004F65C2 /* testShowCommentStory.json */; };
		8787E4F01CE0FF3B004F65C2 /* testShowProfileSparse.json in Resources */ = {isa = PBXBuildFile; fileRef = 8787E4EF1CE0FF3B004F65C2 /* testShowProfileSparse.json */; };
		8787E4F21CE0FF4F004F65C2 /* testShowProfile.json in Resources */ = {isa = PBXBuildFile; fileRef = 8787E4F11CE0FF4F004F65C2 /* testShowProfile.json */; };
		8787E4F41CE0FF7A004F65C2 /* testShowProductsSparse.json in Resources */ = {isa = PBXBuildFile; fileRef = 8787E4F31CE0FF7A004F65C2 /* testShowProductsSparse.json */; };
		8787E4F61CE0FF88004F65C2 /* testShowProducts.json in Resources */ = {isa = PBXBuildFile; fileRef = 8787E4F51CE0FF88004F65C2 /* testShowProducts.json */; };
		8787E4F81CE0FFA6004F65C2 /* testShowCategorySparse.json in Resources */ = {isa = PBXBuildFile; fileRef = 8787E4F71CE0FFA6004F65C2 /* testShowCategorySparse.json */; };
		8787E4FA1CE0FFB9004F65C2 /* testShowStatistics.json in Resources */ = {isa = PBXBuildFile; fileRef = 8787E4F91CE0FFB9004F65C2 /* testShowStatistics.json */; };
		8787E4FC1CE126E7004F65C2 /* conversationsGenericPostResponse.json in Resources */ = {isa = PBXBuildFile; fileRef = 8787E4FB1CE126E7004F65C2 /* conversationsGenericPostResponse.json */; };
		8787E4FE1CE14B9F004F65C2 /* curationsEnduranceCycles.json in Resources */ = {isa = PBXBuildFile; fileRef = 8787E4FD1CE14B9F004F65C2 /* curationsEnduranceCycles.json */; };
		87B351351CAB77C60030470B /* curationsFeedTest1.json in Resources */ = {isa = PBXBuildFile; fileRef = 87B351341CAB77C60030470B /* curationsFeedTest1.json */; };
		87FED2E81CC5769F00B42ADB /* puppy.jpg in Resources */ = {isa = PBXBuildFile; fileRef = 87FED2E71CC5769F00B42ADB /* puppy.jpg */; };
		87FED2EE1CC65CC800B42ADB /* post_ErrorParsingBody.json in Resources */ = {isa = PBXBuildFile; fileRef = 87FED2ED1CC65CC800B42ADB /* post_ErrorParsingBody.json */; };
		87FED2F01CC6644F00B42ADB /* post_successfulCreation.json in Resources */ = {isa = PBXBuildFile; fileRef = 87FED2EF1CC6644F00B42ADB /* post_successfulCreation.json */; };
		87FED2F21CC8101600B42ADB /* test_pattern.jpg in Resources */ = {isa = PBXBuildFile; fileRef = 87FED2F11CC8101600B42ADB /* test_pattern.jpg */; };
		87FED3111CC9109400B42ADB /* post_MissingRequiredKey.json in Resources */ = {isa = PBXBuildFile; fileRef = 87FED3101CC9109400B42ADB /* post_MissingRequiredKey.json */; };
/* End PBXBuildFile section */

/* Begin PBXFileReference section */
		0B264E7CBC50BFE1ABBDCD79 /* Pods_BVSDK_Tests.framework */ = {isa = PBXFileReference; explicitFileType = wrapper.framework; includeInIndex = 0; path = Pods_BVSDK_Tests.framework; sourceTree = BUILT_PRODUCTS_DIR; };
		1FE77B80B93F4AB02AC1E667 /* BVSDK.podspec */ = {isa = PBXFileReference; includeInIndex = 1; lastKnownFileType = text; name = BVSDK.podspec; path = ../BVSDK.podspec; sourceTree = "<group>"; };
		44B989F3873AA55D378D0055 /* Pods-BVSDK-Tests.debug.xcconfig */ = {isa = PBXFileReference; includeInIndex = 1; lastKnownFileType = text.xcconfig; name = "Pods-BVSDK-Tests.debug.xcconfig"; path = "Pods/Target Support Files/Pods-BVSDK-Tests/Pods-BVSDK-Tests.debug.xcconfig"; sourceTree = "<group>"; };
		6003F58A195388D20070C39A /* BVSDK.app */ = {isa = PBXFileReference; explicitFileType = wrapper.application; includeInIndex = 0; path = BVSDK.app; sourceTree = BUILT_PRODUCTS_DIR; };
		6003F58D195388D20070C39A /* Foundation.framework */ = {isa = PBXFileReference; lastKnownFileType = wrapper.framework; name = Foundation.framework; path = System/Library/Frameworks/Foundation.framework; sourceTree = SDKROOT; };
		6003F58F195388D20070C39A /* CoreGraphics.framework */ = {isa = PBXFileReference; lastKnownFileType = wrapper.framework; name = CoreGraphics.framework; path = System/Library/Frameworks/CoreGraphics.framework; sourceTree = SDKROOT; };
		6003F591195388D20070C39A /* UIKit.framework */ = {isa = PBXFileReference; lastKnownFileType = wrapper.framework; name = UIKit.framework; path = System/Library/Frameworks/UIKit.framework; sourceTree = SDKROOT; };
		6003F5AE195388D20070C39A /* BVSDK-Tests.xctest */ = {isa = PBXFileReference; explicitFileType = wrapper.cfbundle; includeInIndex = 0; path = "BVSDK-Tests.xctest"; sourceTree = BUILT_PRODUCTS_DIR; };
		6003F5AF195388D20070C39A /* XCTest.framework */ = {isa = PBXFileReference; lastKnownFileType = wrapper.framework; name = XCTest.framework; path = Library/Frameworks/XCTest.framework; sourceTree = DEVELOPER_DIR; };
		6003F5B7195388D20070C39A /* Tests-Info.plist */ = {isa = PBXFileReference; lastKnownFileType = text.plist.xml; path = "Tests-Info.plist"; sourceTree = "<group>"; };
		6003F5B9195388D20070C39A /* en */ = {isa = PBXFileReference; lastKnownFileType = text.plist.strings; name = en; path = en.lproj/InfoPlist.strings; sourceTree = "<group>"; };
		6003F5BB195388D20070C39A /* BVConversationsTests.m */ = {isa = PBXFileReference; lastKnownFileType = sourcecode.c.objc; path = BVConversationsTests.m; sourceTree = "<group>"; };
		606FC2411953D9B200FFA9A0 /* Tests-Prefix.pch */ = {isa = PBXFileReference; lastKnownFileType = sourcecode.c.h; path = "Tests-Prefix.pch"; sourceTree = "<group>"; };
		734411731A9AD48A007C90ED /* BVAnalyticsTest.m */ = {isa = PBXFileReference; fileEncoding = 4; lastKnownFileType = sourcecode.c.objc; path = BVAnalyticsTest.m; sourceTree = "<group>"; };
		738C5E701D472D6700A0D58E /* ConversationsDisplayTests.swift */ = {isa = PBXFileReference; fileEncoding = 4; lastKnownFileType = sourcecode.swift; path = ConversationsDisplayTests.swift; sourceTree = "<group>"; };
		738C5E711D472D6700A0D58E /* InlineRatingsDisplayTests.swift */ = {isa = PBXFileReference; fileEncoding = 4; lastKnownFileType = sourcecode.swift; path = InlineRatingsDisplayTests.swift; sourceTree = "<group>"; };
		738C5E721D472D6700A0D58E /* ProductDisplayTests.swift */ = {isa = PBXFileReference; fileEncoding = 4; lastKnownFileType = sourcecode.swift; path = ProductDisplayTests.swift; sourceTree = "<group>"; };
		738C5E731D472D6700A0D58E /* QuestionDisplayTests.swift */ = {isa = PBXFileReference; fileEncoding = 4; lastKnownFileType = sourcecode.swift; path = QuestionDisplayTests.swift; sourceTree = "<group>"; };
		738C5E741D472D6700A0D58E /* ReviewDisplayTests.swift */ = {isa = PBXFileReference; fileEncoding = 4; lastKnownFileType = sourcecode.swift; path = ReviewDisplayTests.swift; sourceTree = "<group>"; };
		738C5E761D472D6700A0D58E /* ConversationsTests.swift */ = {isa = PBXFileReference; fileEncoding = 4; lastKnownFileType = sourcecode.swift; path = ConversationsTests.swift; sourceTree = "<group>"; };
		738C5E771D472D6700A0D58E /* DisplayParametersTests.swift */ = {isa = PBXFileReference; fileEncoding = 4; lastKnownFileType = sourcecode.swift; path = DisplayParametersTests.swift; sourceTree = "<group>"; };
		738C5E781D472D6700A0D58E /* FilterTests.swift */ = {isa = PBXFileReference; fileEncoding = 4; lastKnownFileType = sourcecode.swift; path = FilterTests.swift; sourceTree = "<group>"; };
		738C5E791D472D6700A0D58E /* ProductIdEscapeTests.swift */ = {isa = PBXFileReference; fileEncoding = 4; lastKnownFileType = sourcecode.swift; path = ProductIdEscapeTests.swift; sourceTree = "<group>"; };
		738C5E7B1D472D6700A0D58E /* PhotoSizesParsingTests.swift */ = {isa = PBXFileReference; fileEncoding = 4; lastKnownFileType = sourcecode.swift; path = PhotoSizesParsingTests.swift; sourceTree = "<group>"; };
		738C5E7D1D472D6700A0D58E /* AnswerSubmissionTests.swift */ = {isa = PBXFileReference; fileEncoding = 4; lastKnownFileType = sourcecode.swift; path = AnswerSubmissionTests.swift; sourceTree = "<group>"; };
		738C5E7E1D472D6700A0D58E /* PhotoUploadTests.swift */ = {isa = PBXFileReference; fileEncoding = 4; lastKnownFileType = sourcecode.swift; path = PhotoUploadTests.swift; sourceTree = "<group>"; };
		738C5E7F1D472D6700A0D58E /* QuestionSubmissionTests.swift */ = {isa = PBXFileReference; fileEncoding = 4; lastKnownFileType = sourcecode.swift; path = QuestionSubmissionTests.swift; sourceTree = "<group>"; };
		738C5E801D472D6700A0D58E /* ReviewSubmissionTests.swift */ = {isa = PBXFileReference; fileEncoding = 4; lastKnownFileType = sourcecode.swift; path = ReviewSubmissionTests.swift; sourceTree = "<group>"; };
		75EABD4E79F8B233B8FB90DF /* README.md */ = {isa = PBXFileReference; includeInIndex = 1; lastKnownFileType = net.daringfireball.markdown; name = README.md; path = ../README.md; sourceTree = "<group>"; };
		87185F031CAAE5E300FE27F1 /* BVCurationsTests.m */ = {isa = PBXFileReference; fileEncoding = 4; lastKnownFileType = sourcecode.c.objc; path = BVCurationsTests.m; sourceTree = "<group>"; };
		87542E8E1D5D434C00E3AFE5 /* BVLocationTests.m */ = {isa = PBXFileReference; fileEncoding = 4; lastKnownFileType = sourcecode.c.objc; path = BVLocationTests.m; sourceTree = "<group>"; };
		87577E9C1BD55DD500E1F39C /* BVRecommendationsTests.m */ = {isa = PBXFileReference; fileEncoding = 4; lastKnownFileType = sourcecode.c.objc; path = BVRecommendationsTests.m; sourceTree = "<group>"; };
		8757CFEE1BD176C600C0DE7C /* BVUserProfileTests.m */ = {isa = PBXFileReference; fileEncoding = 4; lastKnownFileType = sourcecode.c.objc; path = BVUserProfileTests.m; sourceTree = "<group>"; };
		8787E4A81CDBCE8A004F65C2 /* userProfile1.json */ = {isa = PBXFileReference; fileEncoding = 4; lastKnownFileType = text.json; name = userProfile1.json; path = resources/recommendations/userProfile1.json; sourceTree = "<group>"; };
		8787E4AA1CDBCFF3004F65C2 /* recommendationsResult.json */ = {isa = PBXFileReference; fileEncoding = 4; lastKnownFileType = text.json; name = recommendationsResult.json; path = resources/recommendations/recommendationsResult.json; sourceTree = "<group>"; };
		8787E4AC1CDBD273004F65C2 /* recommendationsByCategoryId.json */ = {isa = PBXFileReference; fileEncoding = 4; lastKnownFileType = text.json; name = recommendationsByCategoryId.json; path = resources/recommendations/recommendationsByCategoryId.json; sourceTree = "<group>"; };
		8787E4AD1CDBD273004F65C2 /* recommendationsByProductId.json */ = {isa = PBXFileReference; fileEncoding = 4; lastKnownFileType = text.json; name = recommendationsByProductId.json; path = resources/recommendations/recommendationsByProductId.json; sourceTree = "<group>"; };
		8787E4B01CDC3A5D004F65C2 /* curations500Error.json */ = {isa = PBXFileReference; fileEncoding = 4; lastKnownFileType = text.json; name = curations500Error.json; path = resources/curations/curations500Error.json; sourceTree = "<group>"; };
		8787E4B21CDC3AA5004F65C2 /* malformedJSON.json */ = {isa = PBXFileReference; fileEncoding = 4; lastKnownFileType = text.json; name = malformedJSON.json; path = resources/malformedJSON.json; sourceTree = "<group>"; };
		8787E4B41CDC3D58004F65C2 /* recommendationsNullJSON.json */ = {isa = PBXFileReference; fileEncoding = 4; lastKnownFileType = text.json; name = recommendationsNullJSON.json; path = resources/recommendations/recommendationsNullJSON.json; sourceTree = "<group>"; };
		8787E4B61CDCC46A004F65C2 /* BVBaseStubTestCase.m */ = {isa = PBXFileReference; fileEncoding = 4; lastKnownFileType = sourcecode.c.objc; path = BVBaseStubTestCase.m; sourceTree = "<group>"; };
		8787E4B81CDCC623004F65C2 /* BVBaseStubTestCase.h */ = {isa = PBXFileReference; lastKnownFileType = sourcecode.c.h; path = BVBaseStubTestCase.h; sourceTree = "<group>"; };
		8787E4C71CDD2D5D004F65C2 /* testShowReviewSparse.json */ = {isa = PBXFileReference; fileEncoding = 4; lastKnownFileType = text.json; name = testShowReviewSparse.json; path = resources/conversations/testShowReviewSparse.json; sourceTree = "<group>"; };
		8787E4C91CDD34AC004F65C2 /* testShowReview.json */ = {isa = PBXFileReference; fileEncoding = 4; lastKnownFileType = text.json; name = testShowReview.json; path = resources/conversations/testShowReview.json; sourceTree = "<group>"; };
		8787E4D31CDD3568004F65C2 /* testShowQuestion.json */ = {isa = PBXFileReference; fileEncoding = 4; lastKnownFileType = text.json; name = testShowQuestion.json; path = resources/conversations/testShowQuestion.json; sourceTree = "<group>"; };
		8787E4D41CDD3568004F65C2 /* testShowQuestionSparse.json */ = {isa = PBXFileReference; fileEncoding = 4; lastKnownFileType = text.json; name = testShowQuestionSparse.json; path = resources/conversations/testShowQuestionSparse.json; sourceTree = "<group>"; };
		8787E4D51CDD3568004F65C2 /* testShowQuestionsSparse.json */ = {isa = PBXFileReference; fileEncoding = 4; lastKnownFileType = text.json; name = testShowQuestionsSparse.json; path = resources/conversations/testShowQuestionsSparse.json; sourceTree = "<group>"; };
		8787E4D61CDD3568004F65C2 /* testShowReviewIncludesSearch.json */ = {isa = PBXFileReference; fileEncoding = 4; lastKnownFileType = text.json; name = testShowReviewIncludesSearch.json; path = resources/conversations/testShowReviewIncludesSearch.json; sourceTree = "<group>"; };
		8787E4DB1CDD364A004F65C2 /* testShowQuestions.json */ = {isa = PBXFileReference; fileEncoding = 4; lastKnownFileType = text.json; name = testShowQuestions.json; path = resources/conversations/testShowQuestions.json; sourceTree = "<group>"; };
		8787E4DC1CDD364A004F65C2 /* testShowStorySparse.json */ = {isa = PBXFileReference; fileEncoding = 4; lastKnownFileType = text.json; name = testShowStorySparse.json; path = resources/conversations/testShowStorySparse.json; sourceTree = "<group>"; };
		8787E4DD1CDD364A004F65C2 /* testShowStory.json */ = {isa = PBXFileReference; fileEncoding = 4; lastKnownFileType = text.json; name = testShowStory.json; path = resources/conversations/testShowStory.json; sourceTree = "<group>"; };
		8787E4DE1CDD364A004F65C2 /* testShowCommentsSparse.json */ = {isa = PBXFileReference; fileEncoding = 4; lastKnownFileType = text.json; name = testShowCommentsSparse.json; path = resources/conversations/testShowCommentsSparse.json; sourceTree = "<group>"; };
		8787E4E31CDD398D004F65C2 /* emptyJSON.json */ = {isa = PBXFileReference; fileEncoding = 4; lastKnownFileType = text.json; name = emptyJSON.json; path = resources/emptyJSON.json; sourceTree = "<group>"; };
		8787E4E51CE0F17C004F65C2 /* testShowCategory.json */ = {isa = PBXFileReference; fileEncoding = 4; lastKnownFileType = text.json; name = testShowCategory.json; path = resources/conversations/testShowCategory.json; sourceTree = "<group>"; };
		8787E4E91CE0FE48004F65C2 /* testShowComments.json */ = {isa = PBXFileReference; fileEncoding = 4; lastKnownFileType = text.json; name = testShowComments.json; path = resources/conversations/testShowComments.json; sourceTree = "<group>"; };
		8787E4EB1CE0FF15004F65C2 /* testShowCommentStorySparse.json */ = {isa = PBXFileReference; fileEncoding = 4; lastKnownFileType = text.json; name = testShowCommentStorySparse.json; path = resources/conversations/testShowCommentStorySparse.json; sourceTree = "<group>"; };
		8787E4ED1CE0FF28004F65C2 /* testShowCommentStory.json */ = {isa = PBXFileReference; fileEncoding = 4; lastKnownFileType = text.json; name = testShowCommentStory.json; path = resources/conversations/testShowCommentStory.json; sourceTree = "<group>"; };
		8787E4EF1CE0FF3B004F65C2 /* testShowProfileSparse.json */ = {isa = PBXFileReference; fileEncoding = 4; lastKnownFileType = text.json; name = testShowProfileSparse.json; path = resources/conversations/testShowProfileSparse.json; sourceTree = "<group>"; };
		8787E4F11CE0FF4F004F65C2 /* testShowProfile.json */ = {isa = PBXFileReference; fileEncoding = 4; lastKnownFileType = text.json; name = testShowProfile.json; path = resources/conversations/testShowProfile.json; sourceTree = "<group>"; };
		8787E4F31CE0FF7A004F65C2 /* testShowProductsSparse.json */ = {isa = PBXFileReference; fileEncoding = 4; lastKnownFileType = text.json; name = testShowProductsSparse.json; path = resources/conversations/testShowProductsSparse.json; sourceTree = "<group>"; };
		8787E4F51CE0FF88004F65C2 /* testShowProducts.json */ = {isa = PBXFileReference; fileEncoding = 4; lastKnownFileType = text.json; name = testShowProducts.json; path = resources/conversations/testShowProducts.json; sourceTree = "<group>"; };
		8787E4F71CE0FFA6004F65C2 /* testShowCategorySparse.json */ = {isa = PBXFileReference; fileEncoding = 4; lastKnownFileType = text.json; name = testShowCategorySparse.json; path = resources/conversations/testShowCategorySparse.json; sourceTree = "<group>"; };
		8787E4F91CE0FFB9004F65C2 /* testShowStatistics.json */ = {isa = PBXFileReference; fileEncoding = 4; lastKnownFileType = text.json; name = testShowStatistics.json; path = resources/conversations/testShowStatistics.json; sourceTree = "<group>"; };
		8787E4FB1CE126E7004F65C2 /* conversationsGenericPostResponse.json */ = {isa = PBXFileReference; fileEncoding = 4; lastKnownFileType = text.json; name = conversationsGenericPostResponse.json; path = resources/conversations/conversationsGenericPostResponse.json; sourceTree = "<group>"; };
		8787E4FD1CE14B9F004F65C2 /* curationsEnduranceCycles.json */ = {isa = PBXFileReference; fileEncoding = 4; lastKnownFileType = text.json; name = curationsEnduranceCycles.json; path = resources/curations/curationsEnduranceCycles.json; sourceTree = "<group>"; };
		87B351341CAB77C60030470B /* curationsFeedTest1.json */ = {isa = PBXFileReference; fileEncoding = 4; lastKnownFileType = text.json; name = curationsFeedTest1.json; path = resources/curations/curationsFeedTest1.json; sourceTree = "<group>"; };
		87FED2E71CC5769F00B42ADB /* puppy.jpg */ = {isa = PBXFileReference; lastKnownFileType = image.jpeg; name = puppy.jpg; path = resources/curations/puppy.jpg; sourceTree = "<group>"; };
		87FED2ED1CC65CC800B42ADB /* post_ErrorParsingBody.json */ = {isa = PBXFileReference; fileEncoding = 4; lastKnownFileType = text.json; name = post_ErrorParsingBody.json; path = resources/curations/post_ErrorParsingBody.json; sourceTree = "<group>"; };
		87FED2EF1CC6644F00B42ADB /* post_successfulCreation.json */ = {isa = PBXFileReference; fileEncoding = 4; lastKnownFileType = text.json; name = post_successfulCreation.json; path = resources/curations/post_successfulCreation.json; sourceTree = "<group>"; };
		87FED2F11CC8101600B42ADB /* test_pattern.jpg */ = {isa = PBXFileReference; lastKnownFileType = image.jpeg; name = test_pattern.jpg; path = resources/curations/test_pattern.jpg; sourceTree = "<group>"; };
		87FED3101CC9109400B42ADB /* post_MissingRequiredKey.json */ = {isa = PBXFileReference; fileEncoding = 4; lastKnownFileType = text.json; name = post_MissingRequiredKey.json; path = resources/curations/post_MissingRequiredKey.json; sourceTree = "<group>"; };
		9F5AED62A61668FDA16ED696 /* Pods-BVSDK-Tests.release.xcconfig */ = {isa = PBXFileReference; includeInIndex = 1; lastKnownFileType = text.xcconfig; name = "Pods-BVSDK-Tests.release.xcconfig"; path = "Pods/Target Support Files/Pods-BVSDK-Tests/Pods-BVSDK-Tests.release.xcconfig"; sourceTree = "<group>"; };
		EEDB2BBB2F4C11AEBE5E733E /* LICENSE */ = {isa = PBXFileReference; includeInIndex = 1; lastKnownFileType = text; name = LICENSE; path = ../LICENSE; sourceTree = "<group>"; };
/* End PBXFileReference section */

/* Begin PBXFrameworksBuildPhase section */
		6003F5AB195388D20070C39A /* Frameworks */ = {
			isa = PBXFrameworksBuildPhase;
			buildActionMask = 2147483647;
			files = (
				6003F5B0195388D20070C39A /* XCTest.framework in Frameworks */,
				6003F5B2195388D20070C39A /* UIKit.framework in Frameworks */,
				6003F5B1195388D20070C39A /* Foundation.framework in Frameworks */,
				32F681D3AC71405CE84BFF4D /* Pods_BVSDK_Tests.framework in Frameworks */,
			);
			runOnlyForDeploymentPostprocessing = 0;
		};
/* End PBXFrameworksBuildPhase section */

/* Begin PBXGroup section */
		6003F581195388D10070C39A = {
			isa = PBXGroup;
			children = (
				60FF7A9C1954A5C5007DD14C /* Podspec Metadata */,
				6003F5B5195388D20070C39A /* Tests */,
				6003F58C195388D20070C39A /* Frameworks */,
				6003F58B195388D20070C39A /* Products */,
				722152B0EA2D508A2B4122C6 /* Pods */,
			);
			sourceTree = "<group>";
		};
		6003F58B195388D20070C39A /* Products */ = {
			isa = PBXGroup;
			children = (
				6003F58A195388D20070C39A /* BVSDK.app */,
				6003F5AE195388D20070C39A /* BVSDK-Tests.xctest */,
			);
			name = Products;
			sourceTree = "<group>";
		};
		6003F58C195388D20070C39A /* Frameworks */ = {
			isa = PBXGroup;
			children = (
				6003F58D195388D20070C39A /* Foundation.framework */,
				6003F58F195388D20070C39A /* CoreGraphics.framework */,
				6003F591195388D20070C39A /* UIKit.framework */,
				6003F5AF195388D20070C39A /* XCTest.framework */,
				0B264E7CBC50BFE1ABBDCD79 /* Pods_BVSDK_Tests.framework */,
			);
			name = Frameworks;
			sourceTree = "<group>";
		};
		6003F5B5195388D20070C39A /* Tests */ = {
			isa = PBXGroup;
			children = (
				738C5E6E1D472D6700A0D58E /* ConversationsTests */,
				734411731A9AD48A007C90ED /* BVAnalyticsTest.m */,
				8757CFEE1BD176C600C0DE7C /* BVUserProfileTests.m */,
				6003F5BB195388D20070C39A /* BVConversationsTests.m */,
				87185F031CAAE5E300FE27F1 /* BVCurationsTests.m */,
				87577E9C1BD55DD500E1F39C /* BVRecommendationsTests.m */,
				8787E4B81CDCC623004F65C2 /* BVBaseStubTestCase.h */,
				8787E4B61CDCC46A004F65C2 /* BVBaseStubTestCase.m */,
				87542E8E1D5D434C00E3AFE5 /* BVLocationTests.m */,
				87B3513A1CAC5E880030470B /* testData */,
				6003F5B6195388D20070C39A /* Supporting Files */,
			);
			path = Tests;
			sourceTree = "<group>";
		};
		6003F5B6195388D20070C39A /* Supporting Files */ = {
			isa = PBXGroup;
			children = (
				6003F5B7195388D20070C39A /* Tests-Info.plist */,
				6003F5B8195388D20070C39A /* InfoPlist.strings */,
				606FC2411953D9B200FFA9A0 /* Tests-Prefix.pch */,
			);
			name = "Supporting Files";
			sourceTree = "<group>";
		};
		60FF7A9C1954A5C5007DD14C /* Podspec Metadata */ = {
			isa = PBXGroup;
			children = (
				1FE77B80B93F4AB02AC1E667 /* BVSDK.podspec */,
				75EABD4E79F8B233B8FB90DF /* README.md */,
				EEDB2BBB2F4C11AEBE5E733E /* LICENSE */,
			);
			name = "Podspec Metadata";
			sourceTree = "<group>";
		};
		722152B0EA2D508A2B4122C6 /* Pods */ = {
			isa = PBXGroup;
			children = (
				44B989F3873AA55D378D0055 /* Pods-BVSDK-Tests.debug.xcconfig */,
				9F5AED62A61668FDA16ED696 /* Pods-BVSDK-Tests.release.xcconfig */,
			);
			name = Pods;
			sourceTree = "<group>";
		};
		738C5E6E1D472D6700A0D58E /* ConversationsTests */ = {
			isa = PBXGroup;
			children = (
				738C5E6F1D472D6700A0D58E /* DisplayTests */,
				738C5E751D472D6700A0D58E /* MiscTests */,
				738C5E7A1D472D6700A0D58E /* ParsingTests */,
				738C5E7C1D472D6700A0D58E /* SubmissionTests */,
			);
			path = ConversationsTests;
			sourceTree = "<group>";
		};
		738C5E6F1D472D6700A0D58E /* DisplayTests */ = {
			isa = PBXGroup;
			children = (
				738C5E701D472D6700A0D58E /* ConversationsDisplayTests.swift */,
				738C5E711D472D6700A0D58E /* InlineRatingsDisplayTests.swift */,
				738C5E721D472D6700A0D58E /* ProductDisplayTests.swift */,
				738C5E731D472D6700A0D58E /* QuestionDisplayTests.swift */,
				738C5E741D472D6700A0D58E /* ReviewDisplayTests.swift */,
			);
			path = DisplayTests;
			sourceTree = "<group>";
		};
		738C5E751D472D6700A0D58E /* MiscTests */ = {
			isa = PBXGroup;
			children = (
				738C5E761D472D6700A0D58E /* ConversationsTests.swift */,
				738C5E771D472D6700A0D58E /* DisplayParametersTests.swift */,
				738C5E781D472D6700A0D58E /* FilterTests.swift */,
				738C5E791D472D6700A0D58E /* ProductIdEscapeTests.swift */,
			);
			path = MiscTests;
			sourceTree = "<group>";
		};
		738C5E7A1D472D6700A0D58E /* ParsingTests */ = {
			isa = PBXGroup;
			children = (
				738C5E7B1D472D6700A0D58E /* PhotoSizesParsingTests.swift */,
			);
			path = ParsingTests;
			sourceTree = "<group>";
		};
		738C5E7C1D472D6700A0D58E /* SubmissionTests */ = {
			isa = PBXGroup;
			children = (
				738C5E7D1D472D6700A0D58E /* AnswerSubmissionTests.swift */,
				738C5E7E1D472D6700A0D58E /* PhotoUploadTests.swift */,
				738C5E7F1D472D6700A0D58E /* QuestionSubmissionTests.swift */,
				738C5E801D472D6700A0D58E /* ReviewSubmissionTests.swift */,
			);
			path = SubmissionTests;
			sourceTree = "<group>";
		};
		8787E4A61CDBCC43004F65C2 /* curations */ = {
			isa = PBXGroup;
			children = (
				87FED2E71CC5769F00B42ADB /* puppy.jpg */,
				87FED2F11CC8101600B42ADB /* test_pattern.jpg */,
				87B351341CAB77C60030470B /* curationsFeedTest1.json */,
				8787E4B01CDC3A5D004F65C2 /* curations500Error.json */,
				87FED2ED1CC65CC800B42ADB /* post_ErrorParsingBody.json */,
				87FED3101CC9109400B42ADB /* post_MissingRequiredKey.json */,
				87FED2EF1CC6644F00B42ADB /* post_successfulCreation.json */,
				8787E4FD1CE14B9F004F65C2 /* curationsEnduranceCycles.json */,
			);
			name = curations;
			sourceTree = "<group>";
		};
		8787E4A71CDBCC56004F65C2 /* recommendations */ = {
			isa = PBXGroup;
			children = (
				8787E4A81CDBCE8A004F65C2 /* userProfile1.json */,
				8787E4B41CDC3D58004F65C2 /* recommendationsNullJSON.json */,
				8787E4AA1CDBCFF3004F65C2 /* recommendationsResult.json */,
				8787E4AC1CDBD273004F65C2 /* recommendationsByCategoryId.json */,
				8787E4AD1CDBD273004F65C2 /* recommendationsByProductId.json */,
			);
			name = recommendations;
			sourceTree = "<group>";
		};
		8787E4C61CDD2D36004F65C2 /* conversations */ = {
			isa = PBXGroup;
			children = (
				8787E4FB1CE126E7004F65C2 /* conversationsGenericPostResponse.json */,
				8787E4C71CDD2D5D004F65C2 /* testShowReviewSparse.json */,
				8787E4C91CDD34AC004F65C2 /* testShowReview.json */,
				8787E4D31CDD3568004F65C2 /* testShowQuestion.json */,
				8787E4D41CDD3568004F65C2 /* testShowQuestionSparse.json */,
				8787E4D51CDD3568004F65C2 /* testShowQuestionsSparse.json */,
				8787E4D61CDD3568004F65C2 /* testShowReviewIncludesSearch.json */,
				8787E4DB1CDD364A004F65C2 /* testShowQuestions.json */,
				8787E4DC1CDD364A004F65C2 /* testShowStorySparse.json */,
				8787E4DD1CDD364A004F65C2 /* testShowStory.json */,
				8787E4DE1CDD364A004F65C2 /* testShowCommentsSparse.json */,
				8787E4E91CE0FE48004F65C2 /* testShowComments.json */,
				8787E4EB1CE0FF15004F65C2 /* testShowCommentStorySparse.json */,
				8787E4ED1CE0FF28004F65C2 /* testShowCommentStory.json */,
				8787E4EF1CE0FF3B004F65C2 /* testShowProfileSparse.json */,
				8787E4F11CE0FF4F004F65C2 /* testShowProfile.json */,
				8787E4F31CE0FF7A004F65C2 /* testShowProductsSparse.json */,
				8787E4F51CE0FF88004F65C2 /* testShowProducts.json */,
				8787E4F71CE0FFA6004F65C2 /* testShowCategorySparse.json */,
				8787E4E51CE0F17C004F65C2 /* testShowCategory.json */,
				8787E4F91CE0FFB9004F65C2 /* testShowStatistics.json */,
			);
			name = conversations;
			sourceTree = "<group>";
		};
		87B3513A1CAC5E880030470B /* testData */ = {
			isa = PBXGroup;
			children = (
				8787E4B21CDC3AA5004F65C2 /* malformedJSON.json */,
				8787E4E31CDD398D004F65C2 /* emptyJSON.json */,
				8787E4C61CDD2D36004F65C2 /* conversations */,
				8787E4A71CDBCC56004F65C2 /* recommendations */,
				8787E4A61CDBCC43004F65C2 /* curations */,
			);
			name = testData;
			sourceTree = "<group>";
		};
/* End PBXGroup section */

/* Begin PBXNativeTarget section */
		6003F5AD195388D20070C39A /* BVSDK-Tests */ = {
			isa = PBXNativeTarget;
			buildConfigurationList = 6003F5C2195388D20070C39A /* Build configuration list for PBXNativeTarget "BVSDK-Tests" */;
			buildPhases = (
				9AC2F303C18531FE3321AAEC /* [CP] Check Pods Manifest.lock */,
				6003F5AA195388D20070C39A /* Sources */,
				6003F5AB195388D20070C39A /* Frameworks */,
				6003F5AC195388D20070C39A /* Resources */,
				FF89ED52F77D6F023B4AD19C /* [CP] Embed Pods Frameworks */,
				E9DA83A1FA53AF7E78D32B42 /* [CP] Copy Pods Resources */,
			);
			buildRules = (
			);
			dependencies = (
			);
			name = "BVSDK-Tests";
			productName = BVSDKTests;
			productReference = 6003F5AE195388D20070C39A /* BVSDK-Tests.xctest */;
			productType = "com.apple.product-type.bundle.unit-test";
		};
/* End PBXNativeTarget section */

/* Begin PBXProject section */
		6003F582195388D10070C39A /* Project object */ = {
			isa = PBXProject;
			attributes = {
				CLASSPREFIX = BV;
				LastUpgradeCheck = 0700;
				ORGANIZATIONNAME = "Jason Harris";
				TargetAttributes = {
					6003F5AD195388D20070C39A = {
						TestTargetID = 6003F589195388D20070C39A;
					};
				};
			};
			buildConfigurationList = 6003F585195388D10070C39A /* Build configuration list for PBXProject "BVSDK" */;
			compatibilityVersion = "Xcode 3.2";
			developmentRegion = English;
			hasScannedForEncodings = 0;
			knownRegions = (
				en,
				Base,
			);
			mainGroup = 6003F581195388D10070C39A;
			productRefGroup = 6003F58B195388D20070C39A /* Products */;
			projectDirPath = "";
			projectRoot = "";
			targets = (
				6003F5AD195388D20070C39A /* BVSDK-Tests */,
			);
		};
/* End PBXProject section */

/* Begin PBXResourcesBuildPhase section */
		6003F5AC195388D20070C39A /* Resources */ = {
			isa = PBXResourcesBuildPhase;
			buildActionMask = 2147483647;
			files = (
				8787E4AE1CDBD273004F65C2 /* recommendationsByCategoryId.json in Resources */,
				8787E4FC1CE126E7004F65C2 /* conversationsGenericPostResponse.json in Resources */,
				87FED3111CC9109400B42ADB /* post_MissingRequiredKey.json in Resources */,
				8787E4F01CE0FF3B004F65C2 /* testShowProfileSparse.json in Resources */,
				8787E4DA1CDD3568004F65C2 /* testShowReviewIncludesSearch.json in Resources */,
				87B351351CAB77C60030470B /* curationsFeedTest1.json in Resources */,
				8787E4F61CE0FF88004F65C2 /* testShowProducts.json in Resources */,
				8787E4AF1CDBD273004F65C2 /* recommendationsByProductId.json in Resources */,
				8787E4F41CE0FF7A004F65C2 /* testShowProductsSparse.json in Resources */,
				87FED2EE1CC65CC800B42ADB /* post_ErrorParsingBody.json in Resources */,
				8787E4E11CDD364A004F65C2 /* testShowStory.json in Resources */,
				8787E4EA1CE0FE48004F65C2 /* testShowComments.json in Resources */,
				8787E4AB1CDBCFF3004F65C2 /* recommendationsResult.json in Resources */,
				8787E4B11CDC3A5D004F65C2 /* curations500Error.json in Resources */,
				8787E4EC1CE0FF15004F65C2 /* testShowCommentStorySparse.json in Resources */,
				8787E4A91CDBCE8A004F65C2 /* userProfile1.json in Resources */,
				8787E4D71CDD3568004F65C2 /* testShowQuestion.json in Resources */,
				6003F5BA195388D20070C39A /* InfoPlist.strings in Resources */,
				8787E4E61CE0F17C004F65C2 /* testShowCategory.json in Resources */,
				8787E4B31CDC3AA5004F65C2 /* malformedJSON.json in Resources */,
				8787E4F21CE0FF4F004F65C2 /* testShowProfile.json in Resources */,
				8787E4D91CDD3568004F65C2 /* testShowQuestionsSparse.json in Resources */,
				8787E4DF1CDD364A004F65C2 /* testShowQuestions.json in Resources */,
				87FED2F21CC8101600B42ADB /* test_pattern.jpg in Resources */,
				8787E4FA1CE0FFB9004F65C2 /* testShowStatistics.json in Resources */,
				8787E4E21CDD364A004F65C2 /* testShowCommentsSparse.json in Resources */,
				8787E4D81CDD3568004F65C2 /* testShowQuestionSparse.json in Resources */,
				8787E4EE1CE0FF28004F65C2 /* testShowCommentStory.json in Resources */,
				8787E4F81CE0FFA6004F65C2 /* testShowCategorySparse.json in Resources */,
				87FED2F01CC6644F00B42ADB /* post_successfulCreation.json in Resources */,
				8787E4E41CDD398D004F65C2 /* emptyJSON.json in Resources */,
				87FED2E81CC5769F00B42ADB /* puppy.jpg in Resources */,
				8787E4B51CDC3D58004F65C2 /* recommendationsNullJSON.json in Resources */,
				8787E4CA1CDD34AC004F65C2 /* testShowReview.json in Resources */,
				8787E4FE1CE14B9F004F65C2 /* curationsEnduranceCycles.json in Resources */,
				8787E4E01CDD364A004F65C2 /* testShowStorySparse.json in Resources */,
				8787E4C81CDD2D5D004F65C2 /* testShowReviewSparse.json in Resources */,
			);
			runOnlyForDeploymentPostprocessing = 0;
		};
/* End PBXResourcesBuildPhase section */

/* Begin PBXShellScriptBuildPhase section */
		9AC2F303C18531FE3321AAEC /* [CP] Check Pods Manifest.lock */ = {
			isa = PBXShellScriptBuildPhase;
			buildActionMask = 2147483647;
			files = (
			);
			inputPaths = (
			);
			name = "[CP] Check Pods Manifest.lock";
			outputPaths = (
			);
			runOnlyForDeploymentPostprocessing = 0;
			shellPath = /bin/sh;
			shellScript = "diff \"${PODS_ROOT}/../Podfile.lock\" \"${PODS_ROOT}/Manifest.lock\" > /dev/null\nif [[ $? != 0 ]] ; then\n    cat << EOM\nerror: The sandbox is not in sync with the Podfile.lock. Run 'pod install' or update your CocoaPods installation.\nEOM\n    exit 1\nfi\n";
			showEnvVarsInLog = 0;
		};
		E9DA83A1FA53AF7E78D32B42 /* [CP] Copy Pods Resources */ = {
			isa = PBXShellScriptBuildPhase;
			buildActionMask = 2147483647;
			files = (
			);
			inputPaths = (
			);
			name = "[CP] Copy Pods Resources";
			outputPaths = (
			);
			runOnlyForDeploymentPostprocessing = 0;
			shellPath = /bin/sh;
			shellScript = "\"${SRCROOT}/Pods/Target Support Files/Pods-BVSDK-Tests/Pods-BVSDK-Tests-resources.sh\"\n";
			showEnvVarsInLog = 0;
		};
		FF89ED52F77D6F023B4AD19C /* [CP] Embed Pods Frameworks */ = {
			isa = PBXShellScriptBuildPhase;
			buildActionMask = 2147483647;
			files = (
			);
			inputPaths = (
			);
			name = "[CP] Embed Pods Frameworks";
			outputPaths = (
			);
			runOnlyForDeploymentPostprocessing = 0;
			shellPath = /bin/sh;
			shellScript = "\"${SRCROOT}/Pods/Target Support Files/Pods-BVSDK-Tests/Pods-BVSDK-Tests-frameworks.sh\"\n";
			showEnvVarsInLog = 0;
		};
/* End PBXShellScriptBuildPhase section */

/* Begin PBXSourcesBuildPhase section */
		6003F5AA195388D20070C39A /* Sources */ = {
			isa = PBXSourcesBuildPhase;
			buildActionMask = 2147483647;
			files = (
				738C5E871D472D6700A0D58E /* DisplayParametersTests.swift in Sources */,
				734411741A9AD48A007C90ED /* BVAnalyticsTest.m in Sources */,
				738C5E811D472D6700A0D58E /* ConversationsDisplayTests.swift in Sources */,
				738C5E821D472D6700A0D58E /* InlineRatingsDisplayTests.swift in Sources */,
				738C5E891D472D6700A0D58E /* ProductIdEscapeTests.swift in Sources */,
				8757CFEF1BD176C600C0DE7C /* BVUserProfileTests.m in Sources */,
				738C5E8A1D472D6700A0D58E /* PhotoSizesParsingTests.swift in Sources */,
				738C5E8C1D472D6700A0D58E /* PhotoUploadTests.swift in Sources */,
				738C5E861D472D6700A0D58E /* ConversationsTests.swift in Sources */,
				8787E4B71CDCC46A004F65C2 /* BVBaseStubTestCase.m in Sources */,
				87542E8F1D5D434C00E3AFE5 /* BVLocationTests.m in Sources */,
				738C5E8B1D472D6700A0D58E /* AnswerSubmissionTests.swift in Sources */,
				738C5E881D472D6700A0D58E /* FilterTests.swift in Sources */,
				87577E9D1BD55DD500E1F39C /* BVRecommendationsTests.m in Sources */,
				738C5E831D472D6700A0D58E /* ProductDisplayTests.swift in Sources */,
				6003F5BC195388D20070C39A /* BVConversationsTests.m in Sources */,
				738C5E8E1D472D6700A0D58E /* ReviewSubmissionTests.swift in Sources */,
				738C5E8D1D472D6700A0D58E /* QuestionSubmissionTests.swift in Sources */,
				738C5E841D472D6700A0D58E /* QuestionDisplayTests.swift in Sources */,
				738C5E851D472D6700A0D58E /* ReviewDisplayTests.swift in Sources */,
				87185F041CAAE5E300FE27F1 /* BVCurationsTests.m in Sources */,
			);
			runOnlyForDeploymentPostprocessing = 0;
		};
/* End PBXSourcesBuildPhase section */

/* Begin PBXVariantGroup section */
		6003F5B8195388D20070C39A /* InfoPlist.strings */ = {
			isa = PBXVariantGroup;
			children = (
				6003F5B9195388D20070C39A /* en */,
			);
			name = InfoPlist.strings;
			sourceTree = "<group>";
		};
/* End PBXVariantGroup section */

/* Begin XCBuildConfiguration section */
		6003F5BD195388D20070C39A /* Debug */ = {
			isa = XCBuildConfiguration;
			buildSettings = {
				ALWAYS_SEARCH_USER_PATHS = NO;
				API_KEY_CONVERSATIONS = "\\@\\\"KEY_REMOVED\\\"";
				CLANG_CXX_LANGUAGE_STANDARD = "gnu++0x";
				CLANG_CXX_LIBRARY = "libc++";
				CLANG_ENABLE_MODULES = YES;
				CLANG_ENABLE_OBJC_ARC = YES;
				CLANG_WARN_BOOL_CONVERSION = YES;
				CLANG_WARN_CONSTANT_CONVERSION = YES;
				CLANG_WARN_DIRECT_OBJC_ISA_USAGE = YES_ERROR;
				CLANG_WARN_EMPTY_BODY = YES;
				CLANG_WARN_ENUM_CONVERSION = YES;
				CLANG_WARN_INT_CONVERSION = YES;
				CLANG_WARN_OBJC_ROOT_CLASS = YES_ERROR;
				CLANG_WARN__DUPLICATE_METHOD_MATCH = YES;
				"CODE_SIGN_IDENTITY[sdk=iphoneos*]" = "iPhone Developer";
				COPY_PHASE_STRIP = NO;
				ENABLE_TESTABILITY = YES;
				GCC_C_LANGUAGE_STANDARD = gnu99;
				GCC_DYNAMIC_NO_PIC = NO;
				GCC_OPTIMIZATION_LEVEL = 0;
				GCC_PREPROCESSOR_DEFINITIONS = "";
				"GCC_PREPROCESSOR_DEFINITIONS[arch=*]" = (
					"DEBUG=1",
					"$(inherited)",
					"TEST_KEY_CONVERSATIONS=$(API_KEY_CONVERSATIONS)",
				);
				GCC_SYMBOLS_PRIVATE_EXTERN = NO;
				GCC_WARN_64_TO_32_BIT_CONVERSION = YES;
				GCC_WARN_ABOUT_RETURN_TYPE = YES_ERROR;
				GCC_WARN_UNDECLARED_SELECTOR = YES;
				GCC_WARN_UNINITIALIZED_AUTOS = YES_AGGRESSIVE;
				GCC_WARN_UNUSED_FUNCTION = YES;
				GCC_WARN_UNUSED_VARIABLE = YES;
				IPHONEOS_DEPLOYMENT_TARGET = 8.0;
				ONLY_ACTIVE_ARCH = YES;
				SDKROOT = iphoneos;
				TARGETED_DEVICE_FAMILY = "1,2";
			};
			name = Debug;
		};
		6003F5BE195388D20070C39A /* Release */ = {
			isa = XCBuildConfiguration;
			buildSettings = {
				ALWAYS_SEARCH_USER_PATHS = NO;
				API_KEY_CONVERSATIONS = "\\@\\\"KEY_REMOVED\\\"";
				CLANG_CXX_LANGUAGE_STANDARD = "gnu++0x";
				CLANG_CXX_LIBRARY = "libc++";
				CLANG_ENABLE_MODULES = YES;
				CLANG_ENABLE_OBJC_ARC = YES;
				CLANG_WARN_BOOL_CONVERSION = YES;
				CLANG_WARN_CONSTANT_CONVERSION = YES;
				CLANG_WARN_DIRECT_OBJC_ISA_USAGE = YES_ERROR;
				CLANG_WARN_EMPTY_BODY = YES;
				CLANG_WARN_ENUM_CONVERSION = YES;
				CLANG_WARN_INT_CONVERSION = YES;
				CLANG_WARN_OBJC_ROOT_CLASS = YES_ERROR;
				CLANG_WARN__DUPLICATE_METHOD_MATCH = YES;
				"CODE_SIGN_IDENTITY[sdk=iphoneos*]" = "iPhone Developer";
				COPY_PHASE_STRIP = YES;
				ENABLE_NS_ASSERTIONS = NO;
				GCC_C_LANGUAGE_STANDARD = gnu99;
				GCC_PREPROCESSOR_DEFINITIONS = "";
				"GCC_PREPROCESSOR_DEFINITIONS[arch=*]" = "TEST_KEY_CONVERSATIONS=$(API_KEY_CONVERSATIONS)";
				GCC_WARN_64_TO_32_BIT_CONVERSION = YES;
				GCC_WARN_ABOUT_RETURN_TYPE = YES_ERROR;
				GCC_WARN_UNDECLARED_SELECTOR = YES;
				GCC_WARN_UNINITIALIZED_AUTOS = YES_AGGRESSIVE;
				GCC_WARN_UNUSED_FUNCTION = YES;
				GCC_WARN_UNUSED_VARIABLE = YES;
				IPHONEOS_DEPLOYMENT_TARGET = 8.0;
				SDKROOT = iphoneos;
				TARGETED_DEVICE_FAMILY = "1,2";
				VALIDATE_PRODUCT = YES;
			};
			name = Release;
		};
		6003F5C3195388D20070C39A /* Debug */ = {
			isa = XCBuildConfiguration;
			baseConfigurationReference = 44B989F3873AA55D378D0055 /* Pods-BVSDK-Tests.debug.xcconfig */;
			buildSettings = {
				FRAMEWORK_SEARCH_PATHS = (
					"$(SDKROOT)/Developer/Library/Frameworks",
					"$(inherited)",
					"$(DEVELOPER_FRAMEWORKS_DIR)",
				);
				GCC_PRECOMPILE_PREFIX_HEADER = YES;
				GCC_PREFIX_HEADER = "Tests/Tests-Prefix.pch";
				GCC_PREPROCESSOR_DEFINITIONS = (
					"DEBUG=1",
					"$(inherited)",
				);
				INFOPLIST_FILE = "Tests/Tests-Info.plist";
				OTHER_LDFLAGS = (
					"$(inherited)",
					"-ObjC",
				);
				PRODUCT_BUNDLE_IDENTIFIER = "org.cocoapods.demo.${PRODUCT_NAME:rfc1034identifier}";
				PRODUCT_NAME = "$(TARGET_NAME)";
				SWIFT_VERSION = 2.3;
				TEST_HOST = "$(BUNDLE_LOADER)";
				WRAPPER_EXTENSION = xctest;
			};
			name = Debug;
		};
		6003F5C4195388D20070C39A /* Release */ = {
			isa = XCBuildConfiguration;
			baseConfigurationReference = 9F5AED62A61668FDA16ED696 /* Pods-BVSDK-Tests.release.xcconfig */;
			buildSettings = {
				FRAMEWORK_SEARCH_PATHS = (
					"$(SDKROOT)/Developer/Library/Frameworks",
					"$(inherited)",
					"$(DEVELOPER_FRAMEWORKS_DIR)",
				);
				GCC_PRECOMPILE_PREFIX_HEADER = YES;
				GCC_PREFIX_HEADER = "Tests/Tests-Prefix.pch";
				INFOPLIST_FILE = "Tests/Tests-Info.plist";
				OTHER_LDFLAGS = (
					"$(inherited)",
					"-ObjC",
				);
				PRODUCT_BUNDLE_IDENTIFIER = "org.cocoapods.demo.${PRODUCT_NAME:rfc1034identifier}";
				PRODUCT_NAME = "$(TARGET_NAME)";
				SWIFT_VERSION = 2.3;
				TEST_HOST = "$(BUNDLE_LOADER)";
				WRAPPER_EXTENSION = xctest;
			};
			name = Release;
		};
/* End XCBuildConfiguration section */

/* Begin XCConfigurationList section */
		6003F585195388D10070C39A /* Build configuration list for PBXProject "BVSDK" */ = {
			isa = XCConfigurationList;
			buildConfigurations = (
				6003F5BD195388D20070C39A /* Debug */,
				6003F5BE195388D20070C39A /* Release */,
			);
			defaultConfigurationIsVisible = 0;
			defaultConfigurationName = Release;
		};
		6003F5C2195388D20070C39A /* Build configuration list for PBXNativeTarget "BVSDK-Tests" */ = {
			isa = XCConfigurationList;
			buildConfigurations = (
				6003F5C3195388D20070C39A /* Debug */,
				6003F5C4195388D20070C39A /* Release */,
			);
			defaultConfigurationIsVisible = 0;
			defaultConfigurationName = Release;
		};
/* End XCConfigurationList section */
	};
	rootObject = 6003F582195388D10070C39A /* Project object */;
}
