// !$*UTF8*$!
{
	archiveVersion = 1;
	classes = {
	};
	objectVersion = 46;
	objects = {

/* Begin PBXBuildFile section */
		4729C397401C17410FCE8205 /* libPods-BVSDK.a in Frameworks */ = {isa = PBXBuildFile; fileRef = C3CBD10270AE66AF21F4250E /* libPods-BVSDK.a */; };
		6003F5B0195388D20070C39A /* XCTest.framework in Frameworks */ = {isa = PBXBuildFile; fileRef = 6003F5AF195388D20070C39A /* XCTest.framework */; };
		6003F5B1195388D20070C39A /* Foundation.framework in Frameworks */ = {isa = PBXBuildFile; fileRef = 6003F58D195388D20070C39A /* Foundation.framework */; };
		6003F5B2195388D20070C39A /* UIKit.framework in Frameworks */ = {isa = PBXBuildFile; fileRef = 6003F591195388D20070C39A /* UIKit.framework */; };
		6003F5BA195388D20070C39A /* InfoPlist.strings in Resources */ = {isa = PBXBuildFile; fileRef = 6003F5B8195388D20070C39A /* InfoPlist.strings */; };
		6003F5BC195388D20070C39A /* BVConversationsTests.m in Sources */ = {isa = PBXBuildFile; fileRef = 6003F5BB195388D20070C39A /* BVConversationsTests.m */; };
		734411741A9AD48A007C90ED /* BVAnalyticsTest.m in Sources */ = {isa = PBXBuildFile; fileRef = 734411731A9AD48A007C90ED /* BVAnalyticsTest.m */; };
		87185F041CAAE5E300FE27F1 /* BVCurationsTests.m in Sources */ = {isa = PBXBuildFile; fileRef = 87185F031CAAE5E300FE27F1 /* BVCurationsTests.m */; };
		87577E9D1BD55DD500E1F39C /* BVRecommendationsTests.m in Sources */ = {isa = PBXBuildFile; fileRef = 87577E9C1BD55DD500E1F39C /* BVRecommendationsTests.m */; };
		8757CFEF1BD176C600C0DE7C /* BVAdvertisingTests.m in Sources */ = {isa = PBXBuildFile; fileRef = 8757CFEE1BD176C600C0DE7C /* BVAdvertisingTests.m */; };
		87B351351CAB77C60030470B /* curationsFeedTest1.json in Resources */ = {isa = PBXBuildFile; fileRef = 87B351341CAB77C60030470B /* curationsFeedTest1.json */; };
		87B351371CAB7B260030470B /* curationsMalformedFeedTest1.json in Resources */ = {isa = PBXBuildFile; fileRef = 87B351361CAB7B260030470B /* curationsMalformedFeedTest1.json */; };
		87B351391CAC2E570030470B /* curations500Error.json in Resources */ = {isa = PBXBuildFile; fileRef = 87B351381CAC2E570030470B /* curations500Error.json */; };
		87FED2E81CC5769F00B42ADB /* puppy.jpg in Resources */ = {isa = PBXBuildFile; fileRef = 87FED2E71CC5769F00B42ADB /* puppy.jpg */; };
		87FED2EE1CC65CC800B42ADB /* post_ErrorParsingBody.json in Resources */ = {isa = PBXBuildFile; fileRef = 87FED2ED1CC65CC800B42ADB /* post_ErrorParsingBody.json */; };
		87FED2F01CC6644F00B42ADB /* post_successfulCreation.json in Resources */ = {isa = PBXBuildFile; fileRef = 87FED2EF1CC6644F00B42ADB /* post_successfulCreation.json */; };
		87FED2F21CC8101600B42ADB /* test_pattern.jpg in Resources */ = {isa = PBXBuildFile; fileRef = 87FED2F11CC8101600B42ADB /* test_pattern.jpg */; };
		87FED3111CC9109400B42ADB /* post_MissingRequiredKey.json in Resources */ = {isa = PBXBuildFile; fileRef = 87FED3101CC9109400B42ADB /* post_MissingRequiredKey.json */; };
/* End PBXBuildFile section */

/* Begin PBXFileReference section */
		1FE77B80B93F4AB02AC1E667 /* BVSDK.podspec */ = {isa = PBXFileReference; includeInIndex = 1; lastKnownFileType = text; name = BVSDK.podspec; path = ../BVSDK.podspec; sourceTree = "<group>"; };
		369FA6274E61B2F7875E57EF /* Pods-BVSDK.release.xcconfig */ = {isa = PBXFileReference; includeInIndex = 1; lastKnownFileType = text.xcconfig; name = "Pods-BVSDK.release.xcconfig"; path = "Pods/Target Support Files/Pods-BVSDK/Pods-BVSDK.release.xcconfig"; sourceTree = "<group>"; };
		6003F58A195388D20070C39A /* BVSDK.app */ = {isa = PBXFileReference; explicitFileType = wrapper.application; includeInIndex = 0; path = BVSDK.app; sourceTree = BUILT_PRODUCTS_DIR; };
		6003F58D195388D20070C39A /* Foundation.framework */ = {isa = PBXFileReference; lastKnownFileType = wrapper.framework; name = Foundation.framework; path = System/Library/Frameworks/Foundation.framework; sourceTree = SDKROOT; };
		6003F58F195388D20070C39A /* CoreGraphics.framework */ = {isa = PBXFileReference; lastKnownFileType = wrapper.framework; name = CoreGraphics.framework; path = System/Library/Frameworks/CoreGraphics.framework; sourceTree = SDKROOT; };
		6003F591195388D20070C39A /* UIKit.framework */ = {isa = PBXFileReference; lastKnownFileType = wrapper.framework; name = UIKit.framework; path = System/Library/Frameworks/UIKit.framework; sourceTree = SDKROOT; };
		6003F5AE195388D20070C39A /* BVSDK.xctest */ = {isa = PBXFileReference; explicitFileType = wrapper.cfbundle; includeInIndex = 0; path = BVSDK.xctest; sourceTree = BUILT_PRODUCTS_DIR; };
		6003F5AF195388D20070C39A /* XCTest.framework */ = {isa = PBXFileReference; lastKnownFileType = wrapper.framework; name = XCTest.framework; path = Library/Frameworks/XCTest.framework; sourceTree = DEVELOPER_DIR; };
		6003F5B7195388D20070C39A /* Tests-Info.plist */ = {isa = PBXFileReference; lastKnownFileType = text.plist.xml; path = "Tests-Info.plist"; sourceTree = "<group>"; };
		6003F5B9195388D20070C39A /* en */ = {isa = PBXFileReference; lastKnownFileType = text.plist.strings; name = en; path = en.lproj/InfoPlist.strings; sourceTree = "<group>"; };
		6003F5BB195388D20070C39A /* BVConversationsTests.m */ = {isa = PBXFileReference; lastKnownFileType = sourcecode.c.objc; path = BVConversationsTests.m; sourceTree = "<group>"; };
		606FC2411953D9B200FFA9A0 /* Tests-Prefix.pch */ = {isa = PBXFileReference; lastKnownFileType = sourcecode.c.h; path = "Tests-Prefix.pch"; sourceTree = "<group>"; };
		734411731A9AD48A007C90ED /* BVAnalyticsTest.m */ = {isa = PBXFileReference; fileEncoding = 4; lastKnownFileType = sourcecode.c.objc; path = BVAnalyticsTest.m; sourceTree = "<group>"; };
		75EABD4E79F8B233B8FB90DF /* README.md */ = {isa = PBXFileReference; includeInIndex = 1; lastKnownFileType = net.daringfireball.markdown; name = README.md; path = ../README.md; sourceTree = "<group>"; };
		87185F031CAAE5E300FE27F1 /* BVCurationsTests.m */ = {isa = PBXFileReference; fileEncoding = 4; lastKnownFileType = sourcecode.c.objc; path = BVCurationsTests.m; sourceTree = "<group>"; };
		87577E9C1BD55DD500E1F39C /* BVRecommendationsTests.m */ = {isa = PBXFileReference; fileEncoding = 4; lastKnownFileType = sourcecode.c.objc; path = BVRecommendationsTests.m; sourceTree = "<group>"; };
		8757CFEE1BD176C600C0DE7C /* BVAdvertisingTests.m */ = {isa = PBXFileReference; fileEncoding = 4; lastKnownFileType = sourcecode.c.objc; path = BVAdvertisingTests.m; sourceTree = "<group>"; };
		87B351341CAB77C60030470B /* curationsFeedTest1.json */ = {isa = PBXFileReference; fileEncoding = 4; lastKnownFileType = text.json; name = curationsFeedTest1.json; path = resources/curations/curationsFeedTest1.json; sourceTree = "<group>"; };
		87B351361CAB7B260030470B /* curationsMalformedFeedTest1.json */ = {isa = PBXFileReference; fileEncoding = 4; lastKnownFileType = text.json; name = curationsMalformedFeedTest1.json; path = resources/curations/curationsMalformedFeedTest1.json; sourceTree = "<group>"; };
		87B351381CAC2E570030470B /* curations500Error.json */ = {isa = PBXFileReference; fileEncoding = 4; lastKnownFileType = text.json; path = curations500Error.json; sourceTree = "<group>"; };
		87FED2E71CC5769F00B42ADB /* puppy.jpg */ = {isa = PBXFileReference; lastKnownFileType = image.jpeg; name = puppy.jpg; path = resources/curations/puppy.jpg; sourceTree = "<group>"; };
		87FED2ED1CC65CC800B42ADB /* post_ErrorParsingBody.json */ = {isa = PBXFileReference; fileEncoding = 4; lastKnownFileType = text.json; name = post_ErrorParsingBody.json; path = resources/curations/post_ErrorParsingBody.json; sourceTree = "<group>"; };
		87FED2EF1CC6644F00B42ADB /* post_successfulCreation.json */ = {isa = PBXFileReference; fileEncoding = 4; lastKnownFileType = text.json; name = post_successfulCreation.json; path = resources/curations/post_successfulCreation.json; sourceTree = "<group>"; };
		87FED2F11CC8101600B42ADB /* test_pattern.jpg */ = {isa = PBXFileReference; lastKnownFileType = image.jpeg; name = test_pattern.jpg; path = resources/curations/test_pattern.jpg; sourceTree = "<group>"; };
		87FED3101CC9109400B42ADB /* post_MissingRequiredKey.json */ = {isa = PBXFileReference; fileEncoding = 4; lastKnownFileType = text.json; name = post_MissingRequiredKey.json; path = resources/curations/post_MissingRequiredKey.json; sourceTree = "<group>"; };
		C3CBD10270AE66AF21F4250E /* libPods-BVSDK.a */ = {isa = PBXFileReference; explicitFileType = archive.ar; includeInIndex = 0; path = "libPods-BVSDK.a"; sourceTree = BUILT_PRODUCTS_DIR; };
		EEDB2BBB2F4C11AEBE5E733E /* LICENSE */ = {isa = PBXFileReference; includeInIndex = 1; lastKnownFileType = text; name = LICENSE; path = ../LICENSE; sourceTree = "<group>"; };
		F28472ACDA63AEEA7CEE61DF /* Pods-BVSDK.debug.xcconfig */ = {isa = PBXFileReference; includeInIndex = 1; lastKnownFileType = text.xcconfig; name = "Pods-BVSDK.debug.xcconfig"; path = "Pods/Target Support Files/Pods-BVSDK/Pods-BVSDK.debug.xcconfig"; sourceTree = "<group>"; };
/* End PBXFileReference section */

/* Begin PBXFrameworksBuildPhase section */
		6003F5AB195388D20070C39A /* Frameworks */ = {
			isa = PBXFrameworksBuildPhase;
			buildActionMask = 2147483647;
			files = (
				6003F5B0195388D20070C39A /* XCTest.framework in Frameworks */,
				6003F5B2195388D20070C39A /* UIKit.framework in Frameworks */,
				6003F5B1195388D20070C39A /* Foundation.framework in Frameworks */,
				4729C397401C17410FCE8205 /* libPods-BVSDK.a in Frameworks */,
			);
			runOnlyForDeploymentPostprocessing = 0;
		};
/* End PBXFrameworksBuildPhase section */

/* Begin PBXGroup section */
		6003F581195388D10070C39A = {
			isa = PBXGroup;
			children = (
				60FF7A9C1954A5C5007DD14C /* Podspec Metadata */,
				6003F5B5195388D20070C39A /* Tests */,
				6003F58C195388D20070C39A /* Frameworks */,
				6003F58B195388D20070C39A /* Products */,
				8701B6BB667516365C5DF591 /* Pods */,
			);
			sourceTree = "<group>";
		};
		6003F58B195388D20070C39A /* Products */ = {
			isa = PBXGroup;
			children = (
				6003F58A195388D20070C39A /* BVSDK.app */,
				6003F5AE195388D20070C39A /* BVSDK.xctest */,
			);
			name = Products;
			sourceTree = "<group>";
		};
		6003F58C195388D20070C39A /* Frameworks */ = {
			isa = PBXGroup;
			children = (
				6003F58D195388D20070C39A /* Foundation.framework */,
				6003F58F195388D20070C39A /* CoreGraphics.framework */,
				6003F591195388D20070C39A /* UIKit.framework */,
				6003F5AF195388D20070C39A /* XCTest.framework */,
				C3CBD10270AE66AF21F4250E /* libPods-BVSDK.a */,
			);
			name = Frameworks;
			sourceTree = "<group>";
		};
		6003F5B5195388D20070C39A /* Tests */ = {
			isa = PBXGroup;
			children = (
				734411731A9AD48A007C90ED /* BVAnalyticsTest.m */,
				8757CFEE1BD176C600C0DE7C /* BVAdvertisingTests.m */,
				6003F5BB195388D20070C39A /* BVConversationsTests.m */,
				87185F031CAAE5E300FE27F1 /* BVCurationsTests.m */,
				87577E9C1BD55DD500E1F39C /* BVRecommendationsTests.m */,
				87B3513A1CAC5E880030470B /* testData */,
				6003F5B6195388D20070C39A /* Supporting Files */,
			);
			path = Tests;
			sourceTree = "<group>";
		};
		6003F5B6195388D20070C39A /* Supporting Files */ = {
			isa = PBXGroup;
			children = (
				6003F5B7195388D20070C39A /* Tests-Info.plist */,
				6003F5B8195388D20070C39A /* InfoPlist.strings */,
				606FC2411953D9B200FFA9A0 /* Tests-Prefix.pch */,
			);
			name = "Supporting Files";
			sourceTree = "<group>";
		};
		60FF7A9C1954A5C5007DD14C /* Podspec Metadata */ = {
			isa = PBXGroup;
			children = (
				1FE77B80B93F4AB02AC1E667 /* BVSDK.podspec */,
				75EABD4E79F8B233B8FB90DF /* README.md */,
				EEDB2BBB2F4C11AEBE5E733E /* LICENSE */,
			);
			name = "Podspec Metadata";
			sourceTree = "<group>";
		};
		8701B6BB667516365C5DF591 /* Pods */ = {
			isa = PBXGroup;
			children = (
				F28472ACDA63AEEA7CEE61DF /* Pods-BVSDK.debug.xcconfig */,
				369FA6274E61B2F7875E57EF /* Pods-BVSDK.release.xcconfig */,
			);
			name = Pods;
			sourceTree = "<group>";
		};
		87B3513A1CAC5E880030470B /* testData */ = {
			isa = PBXGroup;
			children = (
				87FED2E71CC5769F00B42ADB /* puppy.jpg */,
				87FED2F11CC8101600B42ADB /* test_pattern.jpg */,
				87B351341CAB77C60030470B /* curationsFeedTest1.json */,
				87B351361CAB7B260030470B /* curationsMalformedFeedTest1.json */,
				87B351381CAC2E570030470B /* curations500Error.json */,
				87FED2ED1CC65CC800B42ADB /* post_ErrorParsingBody.json */,
				87FED3101CC9109400B42ADB /* post_MissingRequiredKey.json */,
				87FED2EF1CC6644F00B42ADB /* post_successfulCreation.json */,
			);
			name = testData;
			sourceTree = "<group>";
		};
/* End PBXGroup section */

/* Begin PBXNativeTarget section */
		6003F5AD195388D20070C39A /* BVSDK */ = {
			isa = PBXNativeTarget;
			buildConfigurationList = 6003F5C2195388D20070C39A /* Build configuration list for PBXNativeTarget "BVSDK" */;
			buildPhases = (
				70621DA920D3B2972C3D34D8 /* Check Pods Manifest.lock */,
				6003F5AA195388D20070C39A /* Sources */,
				6003F5AB195388D20070C39A /* Frameworks */,
				6003F5AC195388D20070C39A /* Resources */,
				6F861EC1094AD0E88BC8782F /* Copy Pods Resources */,
				AD518701E9A79094650FEE4C /* Embed Pods Frameworks */,
			);
			buildRules = (
			);
			dependencies = (
			);
			name = BVSDK;
			productName = BVSDKTests;
			productReference = 6003F5AE195388D20070C39A /* BVSDK.xctest */;
			productType = "com.apple.product-type.bundle.unit-test";
		};
/* End PBXNativeTarget section */

/* Begin PBXProject section */
		6003F582195388D10070C39A /* Project object */ = {
			isa = PBXProject;
			attributes = {
				CLASSPREFIX = BV;
				LastUpgradeCheck = 0700;
				ORGANIZATIONNAME = "Jason Harris";
				TargetAttributes = {
					6003F5AD195388D20070C39A = {
						TestTargetID = 6003F589195388D20070C39A;
					};
				};
			};
			buildConfigurationList = 6003F585195388D10070C39A /* Build configuration list for PBXProject "BVSDK" */;
			compatibilityVersion = "Xcode 3.2";
			developmentRegion = English;
			hasScannedForEncodings = 0;
			knownRegions = (
				en,
				Base,
			);
			mainGroup = 6003F581195388D10070C39A;
			productRefGroup = 6003F58B195388D20070C39A /* Products */;
			projectDirPath = "";
			projectRoot = "";
			targets = (
				6003F5AD195388D20070C39A /* BVSDK */,
			);
		};
/* End PBXProject section */

/* Begin PBXResourcesBuildPhase section */
		6003F5AC195388D20070C39A /* Resources */ = {
			isa = PBXResourcesBuildPhase;
			buildActionMask = 2147483647;
			files = (
				87FED3111CC9109400B42ADB /* post_MissingRequiredKey.json in Resources */,
				87B351351CAB77C60030470B /* curationsFeedTest1.json in Resources */,
				87B351391CAC2E570030470B /* curations500Error.json in Resources */,
				87FED2EE1CC65CC800B42ADB /* post_ErrorParsingBody.json in Resources */,
				6003F5BA195388D20070C39A /* InfoPlist.strings in Resources */,
				87FED2F21CC8101600B42ADB /* test_pattern.jpg in Resources */,
				87FED2F01CC6644F00B42ADB /* post_successfulCreation.json in Resources */,
				87FED2E81CC5769F00B42ADB /* puppy.jpg in Resources */,
				87B351371CAB7B260030470B /* curationsMalformedFeedTest1.json in Resources */,
			);
			runOnlyForDeploymentPostprocessing = 0;
		};
/* End PBXResourcesBuildPhase section */

/* Begin PBXShellScriptBuildPhase section */
		6F861EC1094AD0E88BC8782F /* Copy Pods Resources */ = {
			isa = PBXShellScriptBuildPhase;
			buildActionMask = 2147483647;
			files = (
			);
			inputPaths = (
			);
			name = "Copy Pods Resources";
			outputPaths = (
			);
			runOnlyForDeploymentPostprocessing = 0;
			shellPath = /bin/sh;
			shellScript = "\"${SRCROOT}/Pods/Target Support Files/Pods-BVSDK/Pods-BVSDK-resources.sh\"\n";
			showEnvVarsInLog = 0;
		};
		70621DA920D3B2972C3D34D8 /* Check Pods Manifest.lock */ = {
			isa = PBXShellScriptBuildPhase;
			buildActionMask = 2147483647;
			files = (
			);
			inputPaths = (
			);
			name = "Check Pods Manifest.lock";
			outputPaths = (
			);
			runOnlyForDeploymentPostprocessing = 0;
			shellPath = /bin/sh;
			shellScript = "diff \"${PODS_ROOT}/../Podfile.lock\" \"${PODS_ROOT}/Manifest.lock\" > /dev/null\nif [[ $? != 0 ]] ; then\n    cat << EOM\nerror: The sandbox is not in sync with the Podfile.lock. Run 'pod install' or update your CocoaPods installation.\nEOM\n    exit 1\nfi\n";
			showEnvVarsInLog = 0;
		};
		AD518701E9A79094650FEE4C /* Embed Pods Frameworks */ = {
			isa = PBXShellScriptBuildPhase;
			buildActionMask = 2147483647;
			files = (
			);
			inputPaths = (
			);
			name = "Embed Pods Frameworks";
			outputPaths = (
			);
			runOnlyForDeploymentPostprocessing = 0;
			shellPath = /bin/sh;
			shellScript = "\"${SRCROOT}/Pods/Target Support Files/Pods-BVSDK/Pods-BVSDK-frameworks.sh\"\n";
			showEnvVarsInLog = 0;
		};
/* End PBXShellScriptBuildPhase section */

/* Begin PBXSourcesBuildPhase section */
		6003F5AA195388D20070C39A /* Sources */ = {
			isa = PBXSourcesBuildPhase;
			buildActionMask = 2147483647;
			files = (
				734411741A9AD48A007C90ED /* BVAnalyticsTest.m in Sources */,
				8757CFEF1BD176C600C0DE7C /* BVAdvertisingTests.m in Sources */,
				87577E9D1BD55DD500E1F39C /* BVRecommendationsTests.m in Sources */,
				6003F5BC195388D20070C39A /* BVConversationsTests.m in Sources */,
				87185F041CAAE5E300FE27F1 /* BVCurationsTests.m in Sources */,
			);
			runOnlyForDeploymentPostprocessing = 0;
		};
/* End PBXSourcesBuildPhase section */

/* Begin PBXVariantGroup section */
		6003F5B8195388D20070C39A /* InfoPlist.strings */ = {
			isa = PBXVariantGroup;
			children = (
				6003F5B9195388D20070C39A /* en */,
			);
			name = InfoPlist.strings;
			sourceTree = "<group>";
		};
/* End PBXVariantGroup section */

/* Begin XCBuildConfiguration section */
		6003F5BD195388D20070C39A /* Debug */ = {
			isa = XCBuildConfiguration;
			buildSettings = {
				ALWAYS_SEARCH_USER_PATHS = NO;
				API_KEY_CONVERSATIONS = "\\@\\\"2cpdrhohmgmwfz8vqyo48f52g\\\"";
				API_KEY_SHOPPER_ADVERTISING = "\\@\\\"3frgjjug4fr3zrgz9a8q9xp7\\\"";
				CLANG_CXX_LANGUAGE_STANDARD = "gnu++0x";
				CLANG_CXX_LIBRARY = "libc++";
				CLANG_ENABLE_MODULES = YES;
				CLANG_ENABLE_OBJC_ARC = YES;
				CLANG_WARN_BOOL_CONVERSION = YES;
				CLANG_WARN_CONSTANT_CONVERSION = YES;
				CLANG_WARN_DIRECT_OBJC_ISA_USAGE = YES_ERROR;
				CLANG_WARN_EMPTY_BODY = YES;
				CLANG_WARN_ENUM_CONVERSION = YES;
				CLANG_WARN_INT_CONVERSION = YES;
				CLANG_WARN_OBJC_ROOT_CLASS = YES_ERROR;
				CLANG_WARN__DUPLICATE_METHOD_MATCH = YES;
				"CODE_SIGN_IDENTITY[sdk=iphoneos*]" = "iPhone Developer";
				COPY_PHASE_STRIP = NO;
				ENABLE_TESTABILITY = YES;
				GCC_C_LANGUAGE_STANDARD = gnu99;
				GCC_DYNAMIC_NO_PIC = NO;
				GCC_OPTIMIZATION_LEVEL = 0;
				GCC_PREPROCESSOR_DEFINITIONS = "";
				"GCC_PREPROCESSOR_DEFINITIONS[arch=*]" = (
					"DEBUG=1",
					"$(inherited)",
					"TEST_KEY_CONVERSATIONS=$(API_KEY_CONVERSATIONS)",
					"TEST_KEY_SHOPPER_ADVERTISING=$(API_KEY_SHOPPER_ADVERTISING)",
				);
				GCC_SYMBOLS_PRIVATE_EXTERN = NO;
				GCC_WARN_64_TO_32_BIT_CONVERSION = YES;
				GCC_WARN_ABOUT_RETURN_TYPE = YES_ERROR;
				GCC_WARN_UNDECLARED_SELECTOR = YES;
				GCC_WARN_UNINITIALIZED_AUTOS = YES_AGGRESSIVE;
				GCC_WARN_UNUSED_FUNCTION = YES;
				GCC_WARN_UNUSED_VARIABLE = YES;
				IPHONEOS_DEPLOYMENT_TARGET = 8.0;
				ONLY_ACTIVE_ARCH = YES;
				SDKROOT = iphoneos;
				TARGETED_DEVICE_FAMILY = "1,2";
			};
			name = Debug;
		};
		6003F5BE195388D20070C39A /* Release */ = {
			isa = XCBuildConfiguration;
			buildSettings = {
				ALWAYS_SEARCH_USER_PATHS = NO;
				API_KEY_CONVERSATIONS = "\\@\\\"2cpdrhohmgmwfz8vqyo48f52g\\\"";
				API_KEY_SHOPPER_ADVERTISING = "\\@\\\"3frgjjug4fr3zrgz9a8q9xp7\\\"";
				CLANG_CXX_LANGUAGE_STANDARD = "gnu++0x";
				CLANG_CXX_LIBRARY = "libc++";
				CLANG_ENABLE_MODULES = YES;
				CLANG_ENABLE_OBJC_ARC = YES;
				CLANG_WARN_BOOL_CONVERSION = YES;
				CLANG_WARN_CONSTANT_CONVERSION = YES;
				CLANG_WARN_DIRECT_OBJC_ISA_USAGE = YES_ERROR;
				CLANG_WARN_EMPTY_BODY = YES;
				CLANG_WARN_ENUM_CONVERSION = YES;
				CLANG_WARN_INT_CONVERSION = YES;
				CLANG_WARN_OBJC_ROOT_CLASS = YES_ERROR;
				CLANG_WARN__DUPLICATE_METHOD_MATCH = YES;
				"CODE_SIGN_IDENTITY[sdk=iphoneos*]" = "iPhone Developer";
				COPY_PHASE_STRIP = YES;
				ENABLE_NS_ASSERTIONS = NO;
				GCC_C_LANGUAGE_STANDARD = gnu99;
				GCC_PREPROCESSOR_DEFINITIONS = "";
				"GCC_PREPROCESSOR_DEFINITIONS[arch=*]" = (
					"TEST_KEY_CONVERSATIONS=$(API_KEY_CONVERSATIONS)",
					"TEST_KEY_SHOPPER_ADVERTISING=$(API_KEY_SHOPPER_ADVERTISING)",
				);
				GCC_WARN_64_TO_32_BIT_CONVERSION = YES;
				GCC_WARN_ABOUT_RETURN_TYPE = YES_ERROR;
				GCC_WARN_UNDECLARED_SELECTOR = YES;
				GCC_WARN_UNINITIALIZED_AUTOS = YES_AGGRESSIVE;
				GCC_WARN_UNUSED_FUNCTION = YES;
				GCC_WARN_UNUSED_VARIABLE = YES;
				IPHONEOS_DEPLOYMENT_TARGET = 8.0;
				SDKROOT = iphoneos;
				TARGETED_DEVICE_FAMILY = "1,2";
				VALIDATE_PRODUCT = YES;
			};
			name = Release;
		};
		6003F5C3195388D20070C39A /* Debug */ = {
			isa = XCBuildConfiguration;
			baseConfigurationReference = F28472ACDA63AEEA7CEE61DF /* Pods-BVSDK.debug.xcconfig */;
			buildSettings = {
				FRAMEWORK_SEARCH_PATHS = (
					"$(SDKROOT)/Developer/Library/Frameworks",
					"$(inherited)",
					"$(DEVELOPER_FRAMEWORKS_DIR)",
				);
				GCC_PRECOMPILE_PREFIX_HEADER = YES;
				GCC_PREFIX_HEADER = "Tests/Tests-Prefix.pch";
				GCC_PREPROCESSOR_DEFINITIONS = (
					"DEBUG=1",
					"$(inherited)",
				);
				INFOPLIST_FILE = "Tests/Tests-Info.plist";
				OTHER_LDFLAGS = (
					"$(inherited)",
					"-ObjC",
				);
				PRODUCT_BUNDLE_IDENTIFIER = "org.cocoapods.demo.${PRODUCT_NAME:rfc1034identifier}";
				PRODUCT_NAME = "$(TARGET_NAME)";
				TEST_HOST = "$(BUNDLE_LOADER)";
				WRAPPER_EXTENSION = xctest;
			};
			name = Debug;
		};
		6003F5C4195388D20070C39A /* Release */ = {
			isa = XCBuildConfiguration;
			baseConfigurationReference = 369FA6274E61B2F7875E57EF /* Pods-BVSDK.release.xcconfig */;
			buildSettings = {
				FRAMEWORK_SEARCH_PATHS = (
					"$(SDKROOT)/Developer/Library/Frameworks",
					"$(inherited)",
					"$(DEVELOPER_FRAMEWORKS_DIR)",
				);
				GCC_PRECOMPILE_PREFIX_HEADER = YES;
				GCC_PREFIX_HEADER = "Tests/Tests-Prefix.pch";
				INFOPLIST_FILE = "Tests/Tests-Info.plist";
				OTHER_LDFLAGS = (
					"$(inherited)",
					"-ObjC",
				);
				PRODUCT_BUNDLE_IDENTIFIER = "org.cocoapods.demo.${PRODUCT_NAME:rfc1034identifier}";
				PRODUCT_NAME = "$(TARGET_NAME)";
				TEST_HOST = "$(BUNDLE_LOADER)";
				WRAPPER_EXTENSION = xctest;
			};
			name = Release;
		};
/* End XCBuildConfiguration section */

/* Begin XCConfigurationList section */
		6003F585195388D10070C39A /* Build configuration list for PBXProject "BVSDK" */ = {
			isa = XCConfigurationList;
			buildConfigurations = (
				6003F5BD195388D20070C39A /* Debug */,
				6003F5BE195388D20070C39A /* Release */,
			);
			defaultConfigurationIsVisible = 0;
			defaultConfigurationName = Release;
		};
		6003F5C2195388D20070C39A /* Build configuration list for PBXNativeTarget "BVSDK" */ = {
			isa = XCConfigurationList;
			buildConfigurations = (
				6003F5C3195388D20070C39A /* Debug */,
				6003F5C4195388D20070C39A /* Release */,
			);
			defaultConfigurationIsVisible = 0;
			defaultConfigurationName = Release;
		};
/* End XCConfigurationList section */
	};
	rootObject = 6003F582195388D10070C39A /* Project object */;
}
